// !$*UTF8*$!
{
	archiveVersion = 1;
	classes = {
	};
	objectVersion = 46;
	objects = {

/* Begin PBXBuildFile section */
		F151BBFA1DF9483A00D5E00F /* libOpus.m in Sources */ = {isa = PBXBuildFile; fileRef = F151BBF91DF9483A00D5E00F /* libOpus.m */; };
		F151BBFB1DF9483A00D5E00F /* libOpus.h in CopyFiles */ = {isa = PBXBuildFile; fileRef = F151BBF81DF9483A00D5E00F /* libOpus.h */; };
		F1ABF14A1DF970D100E09FB8 /* analysis.c in Sources */ = {isa = PBXBuildFile; fileRef = F1ABF1391DF970D100E09FB8 /* analysis.c */; };
		F1ABF14B1DF970D100E09FB8 /* mlp_data.c in Sources */ = {isa = PBXBuildFile; fileRef = F1ABF13B1DF970D100E09FB8 /* mlp_data.c */; };
		F1ABF14C1DF970D100E09FB8 /* mlp.c in Sources */ = {isa = PBXBuildFile; fileRef = F1ABF13C1DF970D100E09FB8 /* mlp.c */; };
		F1ABF14D1DF970D100E09FB8 /* opus_compare.c in Sources */ = {isa = PBXBuildFile; fileRef = F1ABF13E1DF970D100E09FB8 /* opus_compare.c */; };
		F1ABF14E1DF970D100E09FB8 /* opus_decoder.c in Sources */ = {isa = PBXBuildFile; fileRef = F1ABF13F1DF970D100E09FB8 /* opus_decoder.c */; };
		F1ABF14F1DF970D100E09FB8 /* opus_demo.c in Sources */ = {isa = PBXBuildFile; fileRef = F1ABF1401DF970D100E09FB8 /* opus_demo.c */; };
		F1ABF1501DF970D100E09FB8 /* opus_encoder.c in Sources */ = {isa = PBXBuildFile; fileRef = F1ABF1411DF970D100E09FB8 /* opus_encoder.c */; };
		F1ABF1511DF970D100E09FB8 /* opus_multistream_decoder.c in Sources */ = {isa = PBXBuildFile; fileRef = F1ABF1421DF970D100E09FB8 /* opus_multistream_decoder.c */; };
		F1ABF1521DF970D100E09FB8 /* opus_multistream_encoder.c in Sources */ = {isa = PBXBuildFile; fileRef = F1ABF1431DF970D100E09FB8 /* opus_multistream_encoder.c */; };
		F1ABF1531DF970D100E09FB8 /* opus_multistream.c in Sources */ = {isa = PBXBuildFile; fileRef = F1ABF1441DF970D100E09FB8 /* opus_multistream.c */; };
		F1ABF1541DF970D100E09FB8 /* opus.c in Sources */ = {isa = PBXBuildFile; fileRef = F1ABF1461DF970D100E09FB8 /* opus.c */; };
		F1ABF1551DF970D100E09FB8 /* repacketizer_demo.c in Sources */ = {isa = PBXBuildFile; fileRef = F1ABF1471DF970D100E09FB8 /* repacketizer_demo.c */; };
		F1ABF1561DF970D100E09FB8 /* repacketizer.c in Sources */ = {isa = PBXBuildFile; fileRef = F1ABF1481DF970D100E09FB8 /* repacketizer.c */; };
		F1ABF1BD1DF970E400E09FB8 /* bands.c in Sources */ = {isa = PBXBuildFile; fileRef = F1ABF16D1DF970E400E09FB8 /* bands.c */; };
		F1ABF1BE1DF970E400E09FB8 /* celt.c in Sources */ = {isa = PBXBuildFile; fileRef = F1ABF16F1DF970E400E09FB8 /* celt.c */; };
		F1ABF1BF1DF970E400E09FB8 /* celt_decoder.c in Sources */ = {isa = PBXBuildFile; fileRef = F1ABF1711DF970E400E09FB8 /* celt_decoder.c */; };
		F1ABF1C01DF970E400E09FB8 /* celt_encoder.c in Sources */ = {isa = PBXBuildFile; fileRef = F1ABF1721DF970E400E09FB8 /* celt_encoder.c */; };
		F1ABF1C11DF970E400E09FB8 /* celt_lpc.c in Sources */ = {isa = PBXBuildFile; fileRef = F1ABF1731DF970E400E09FB8 /* celt_lpc.c */; };
		F1ABF1C21DF970E400E09FB8 /* cwrs.c in Sources */ = {isa = PBXBuildFile; fileRef = F1ABF1761DF970E400E09FB8 /* cwrs.c */; };
		F1ABF1C31DF970E400E09FB8 /* entcode.c in Sources */ = {isa = PBXBuildFile; fileRef = F1ABF1791DF970E400E09FB8 /* entcode.c */; };
		F1ABF1C41DF970E400E09FB8 /* entdec.c in Sources */ = {isa = PBXBuildFile; fileRef = F1ABF17B1DF970E400E09FB8 /* entdec.c */; };
		F1ABF1C51DF970E400E09FB8 /* entenc.c in Sources */ = {isa = PBXBuildFile; fileRef = F1ABF17D1DF970E400E09FB8 /* entenc.c */; };
		F1ABF1C61DF970E400E09FB8 /* kiss_fft.c in Sources */ = {isa = PBXBuildFile; fileRef = F1ABF1821DF970E400E09FB8 /* kiss_fft.c */; };
		F1ABF1C71DF970E400E09FB8 /* laplace.c in Sources */ = {isa = PBXBuildFile; fileRef = F1ABF1841DF970E400E09FB8 /* laplace.c */; };
		F1ABF1C81DF970E400E09FB8 /* mathops.c in Sources */ = {isa = PBXBuildFile; fileRef = F1ABF1861DF970E400E09FB8 /* mathops.c */; };
		F1ABF1C91DF970E400E09FB8 /* mdct.c in Sources */ = {isa = PBXBuildFile; fileRef = F1ABF1881DF970E400E09FB8 /* mdct.c */; };
		F1ABF1CA1DF970E400E09FB8 /* modes.c in Sources */ = {isa = PBXBuildFile; fileRef = F1ABF1921DF970E400E09FB8 /* modes.c */; };
		F1ABF1CB1DF970E400E09FB8 /* opus_custom_demo.c in Sources */ = {isa = PBXBuildFile; fileRef = F1ABF1941DF970E400E09FB8 /* opus_custom_demo.c */; };
		F1ABF1CC1DF970E400E09FB8 /* pitch.c in Sources */ = {isa = PBXBuildFile; fileRef = F1ABF1961DF970E400E09FB8 /* pitch.c */; };
		F1ABF1CD1DF970E400E09FB8 /* quant_bands.c in Sources */ = {isa = PBXBuildFile; fileRef = F1ABF1981DF970E400E09FB8 /* quant_bands.c */; };
		F1ABF1CE1DF970E400E09FB8 /* rate.c in Sources */ = {isa = PBXBuildFile; fileRef = F1ABF19A1DF970E400E09FB8 /* rate.c */; };
		F1ABF1D71DF970E400E09FB8 /* vq.c in Sources */ = {isa = PBXBuildFile; fileRef = F1ABF1AA1DF970E400E09FB8 /* vq.c */; };
		F1ABF29C1DF9710C00E09FB8 /* A2NLSF.c in Sources */ = {isa = PBXBuildFile; fileRef = F1ABF1DF1DF9710B00E09FB8 /* A2NLSF.c */; };
		F1ABF29D1DF9710C00E09FB8 /* ana_filt_bank_1.c in Sources */ = {isa = PBXBuildFile; fileRef = F1ABF1E01DF9710B00E09FB8 /* ana_filt_bank_1.c */; };
		F1ABF2A01DF9710C00E09FB8 /* biquad_alt.c in Sources */ = {isa = PBXBuildFile; fileRef = F1ABF1EB1DF9710C00E09FB8 /* biquad_alt.c */; };
		F1ABF2A11DF9710C00E09FB8 /* bwexpander.c in Sources */ = {isa = PBXBuildFile; fileRef = F1ABF1EC1DF9710C00E09FB8 /* bwexpander.c */; };
		F1ABF2A21DF9710C00E09FB8 /* bwexpander_32.c in Sources */ = {isa = PBXBuildFile; fileRef = F1ABF1ED1DF9710C00E09FB8 /* bwexpander_32.c */; };
		F1ABF2A31DF9710C00E09FB8 /* check_control_input.c in Sources */ = {isa = PBXBuildFile; fileRef = F1ABF1EE1DF9710C00E09FB8 /* check_control_input.c */; };
		F1ABF2A41DF9710C00E09FB8 /* CNG.c in Sources */ = {isa = PBXBuildFile; fileRef = F1ABF1EF1DF9710C00E09FB8 /* CNG.c */; };
		F1ABF2A51DF9710C00E09FB8 /* code_signs.c in Sources */ = {isa = PBXBuildFile; fileRef = F1ABF1F01DF9710C00E09FB8 /* code_signs.c */; };
		F1ABF2A61DF9710C00E09FB8 /* control_audio_bandwidth.c in Sources */ = {isa = PBXBuildFile; fileRef = F1ABF1F21DF9710C00E09FB8 /* control_audio_bandwidth.c */; };
		F1ABF2A71DF9710C00E09FB8 /* control_codec.c in Sources */ = {isa = PBXBuildFile; fileRef = F1ABF1F31DF9710C00E09FB8 /* control_codec.c */; };
		F1ABF2A81DF9710C00E09FB8 /* control_SNR.c in Sources */ = {isa = PBXBuildFile; fileRef = F1ABF1F41DF9710C00E09FB8 /* control_SNR.c */; };
		F1ABF2A91DF9710C00E09FB8 /* debug.c in Sources */ = {isa = PBXBuildFile; fileRef = F1ABF1F51DF9710C00E09FB8 /* debug.c */; };
		F1ABF2AA1DF9710C00E09FB8 /* dec_API.c in Sources */ = {isa = PBXBuildFile; fileRef = F1ABF1F71DF9710C00E09FB8 /* dec_API.c */; };
		F1ABF2AB1DF9710C00E09FB8 /* decode_core.c in Sources */ = {isa = PBXBuildFile; fileRef = F1ABF1F81DF9710C00E09FB8 /* decode_core.c */; };
		F1ABF2AC1DF9710C00E09FB8 /* decode_frame.c in Sources */ = {isa = PBXBuildFile; fileRef = F1ABF1F91DF9710C00E09FB8 /* decode_frame.c */; };
		F1ABF2AD1DF9710C00E09FB8 /* decode_indices.c in Sources */ = {isa = PBXBuildFile; fileRef = F1ABF1FA1DF9710C00E09FB8 /* decode_indices.c */; };
		F1ABF2AE1DF9710C00E09FB8 /* decode_parameters.c in Sources */ = {isa = PBXBuildFile; fileRef = F1ABF1FB1DF9710C00E09FB8 /* decode_parameters.c */; };
		F1ABF2AF1DF9710C00E09FB8 /* decode_pitch.c in Sources */ = {isa = PBXBuildFile; fileRef = F1ABF1FC1DF9710C00E09FB8 /* decode_pitch.c */; };
		F1ABF2B01DF9710C00E09FB8 /* decode_pulses.c in Sources */ = {isa = PBXBuildFile; fileRef = F1ABF1FD1DF9710C00E09FB8 /* decode_pulses.c */; };
		F1ABF2B11DF9710C00E09FB8 /* decoder_set_fs.c in Sources */ = {isa = PBXBuildFile; fileRef = F1ABF1FE1DF9710C00E09FB8 /* decoder_set_fs.c */; };
		F1ABF2B21DF9710C00E09FB8 /* enc_API.c in Sources */ = {isa = PBXBuildFile; fileRef = F1ABF2001DF9710C00E09FB8 /* enc_API.c */; };
		F1ABF2B31DF9710C00E09FB8 /* encode_indices.c in Sources */ = {isa = PBXBuildFile; fileRef = F1ABF2011DF9710C00E09FB8 /* encode_indices.c */; };
		F1ABF2B41DF9710C00E09FB8 /* encode_pulses.c in Sources */ = {isa = PBXBuildFile; fileRef = F1ABF2021DF9710C00E09FB8 /* encode_pulses.c */; };
		F1ABF2B51DF9710C00E09FB8 /* apply_sine_window_FIX.c in Sources */ = {isa = PBXBuildFile; fileRef = F1ABF2051DF9710C00E09FB8 /* apply_sine_window_FIX.c */; };
		F1ABF2B61DF9710C00E09FB8 /* autocorr_FIX.c in Sources */ = {isa = PBXBuildFile; fileRef = F1ABF2061DF9710C00E09FB8 /* autocorr_FIX.c */; };
		F1ABF2B71DF9710C00E09FB8 /* burg_modified_FIX.c in Sources */ = {isa = PBXBuildFile; fileRef = F1ABF2071DF9710C00E09FB8 /* burg_modified_FIX.c */; };
		F1ABF2B81DF9710C00E09FB8 /* corrMatrix_FIX.c in Sources */ = {isa = PBXBuildFile; fileRef = F1ABF2081DF9710C00E09FB8 /* corrMatrix_FIX.c */; };
		F1ABF2B91DF9710C00E09FB8 /* encode_frame_FIX.c in Sources */ = {isa = PBXBuildFile; fileRef = F1ABF2091DF9710C00E09FB8 /* encode_frame_FIX.c */; };
		F1ABF2BA1DF9710C00E09FB8 /* find_LPC_FIX.c in Sources */ = {isa = PBXBuildFile; fileRef = F1ABF20A1DF9710C00E09FB8 /* find_LPC_FIX.c */; };
		F1ABF2BB1DF9710C00E09FB8 /* find_LTP_FIX.c in Sources */ = {isa = PBXBuildFile; fileRef = F1ABF20B1DF9710C00E09FB8 /* find_LTP_FIX.c */; };
		F1ABF2BC1DF9710C00E09FB8 /* find_pitch_lags_FIX.c in Sources */ = {isa = PBXBuildFile; fileRef = F1ABF20C1DF9710C00E09FB8 /* find_pitch_lags_FIX.c */; };
		F1ABF2BD1DF9710C00E09FB8 /* find_pred_coefs_FIX.c in Sources */ = {isa = PBXBuildFile; fileRef = F1ABF20D1DF9710C00E09FB8 /* find_pred_coefs_FIX.c */; };
		F1ABF2BE1DF9710C00E09FB8 /* k2a_FIX.c in Sources */ = {isa = PBXBuildFile; fileRef = F1ABF20E1DF9710C00E09FB8 /* k2a_FIX.c */; };
		F1ABF2BF1DF9710C00E09FB8 /* k2a_Q16_FIX.c in Sources */ = {isa = PBXBuildFile; fileRef = F1ABF20F1DF9710C00E09FB8 /* k2a_Q16_FIX.c */; };
		F1ABF2C01DF9710C00E09FB8 /* LTP_analysis_filter_FIX.c in Sources */ = {isa = PBXBuildFile; fileRef = F1ABF2101DF9710C00E09FB8 /* LTP_analysis_filter_FIX.c */; };
		F1ABF2C11DF9710C00E09FB8 /* LTP_scale_ctrl_FIX.c in Sources */ = {isa = PBXBuildFile; fileRef = F1ABF2111DF9710C00E09FB8 /* LTP_scale_ctrl_FIX.c */; };
		F1ABF2C21DF9710C00E09FB8 /* noise_shape_analysis_FIX.c in Sources */ = {isa = PBXBuildFile; fileRef = F1ABF2171DF9710C00E09FB8 /* noise_shape_analysis_FIX.c */; };
		F1ABF2C31DF9710C00E09FB8 /* pitch_analysis_core_FIX.c in Sources */ = {isa = PBXBuildFile; fileRef = F1ABF2181DF9710C00E09FB8 /* pitch_analysis_core_FIX.c */; };
		F1ABF2C41DF9710C00E09FB8 /* prefilter_FIX.c in Sources */ = {isa = PBXBuildFile; fileRef = F1ABF2191DF9710C00E09FB8 /* prefilter_FIX.c */; };
		F1ABF2C51DF9710C00E09FB8 /* process_gains_FIX.c in Sources */ = {isa = PBXBuildFile; fileRef = F1ABF21A1DF9710C00E09FB8 /* process_gains_FIX.c */; };
		F1ABF2C61DF9710C00E09FB8 /* regularize_correlations_FIX.c in Sources */ = {isa = PBXBuildFile; fileRef = F1ABF21B1DF9710C00E09FB8 /* regularize_correlations_FIX.c */; };
		F1ABF2C71DF9710C00E09FB8 /* residual_energy16_FIX.c in Sources */ = {isa = PBXBuildFile; fileRef = F1ABF21C1DF9710C00E09FB8 /* residual_energy16_FIX.c */; };
		F1ABF2C81DF9710C00E09FB8 /* residual_energy_FIX.c in Sources */ = {isa = PBXBuildFile; fileRef = F1ABF21D1DF9710C00E09FB8 /* residual_energy_FIX.c */; };
		F1ABF2C91DF9710C00E09FB8 /* schur64_FIX.c in Sources */ = {isa = PBXBuildFile; fileRef = F1ABF21E1DF9710C00E09FB8 /* schur64_FIX.c */; };
		F1ABF2CA1DF9710C00E09FB8 /* schur_FIX.c in Sources */ = {isa = PBXBuildFile; fileRef = F1ABF21F1DF9710C00E09FB8 /* schur_FIX.c */; };
		F1ABF2CB1DF9710C00E09FB8 /* solve_LS_FIX.c in Sources */ = {isa = PBXBuildFile; fileRef = F1ABF2201DF9710C00E09FB8 /* solve_LS_FIX.c */; };
		F1ABF2CC1DF9710C00E09FB8 /* vector_ops_FIX.c in Sources */ = {isa = PBXBuildFile; fileRef = F1ABF2221DF9710C00E09FB8 /* vector_ops_FIX.c */; };
		F1ABF2CD1DF9710C00E09FB8 /* warped_autocorrelation_FIX.c in Sources */ = {isa = PBXBuildFile; fileRef = F1ABF2231DF9710C00E09FB8 /* warped_autocorrelation_FIX.c */; };
		F1ABF2F01DF9710C00E09FB8 /* gain_quant.c in Sources */ = {isa = PBXBuildFile; fileRef = F1ABF24B1DF9710C00E09FB8 /* gain_quant.c */; };
		F1ABF2F11DF9710C00E09FB8 /* HP_variable_cutoff.c in Sources */ = {isa = PBXBuildFile; fileRef = F1ABF24C1DF9710C00E09FB8 /* HP_variable_cutoff.c */; };
		F1ABF2F21DF9710C00E09FB8 /* init_decoder.c in Sources */ = {isa = PBXBuildFile; fileRef = F1ABF24D1DF9710C00E09FB8 /* init_decoder.c */; };
		F1ABF2F31DF9710C00E09FB8 /* init_encoder.c in Sources */ = {isa = PBXBuildFile; fileRef = F1ABF24E1DF9710C00E09FB8 /* init_encoder.c */; };
		F1ABF2F41DF9710C00E09FB8 /* inner_prod_aligned.c in Sources */ = {isa = PBXBuildFile; fileRef = F1ABF2501DF9710C00E09FB8 /* inner_prod_aligned.c */; };
		F1ABF2F51DF9710C00E09FB8 /* interpolate.c in Sources */ = {isa = PBXBuildFile; fileRef = F1ABF2511DF9710C00E09FB8 /* interpolate.c */; };
		F1ABF2F61DF9710C00E09FB8 /* lin2log.c in Sources */ = {isa = PBXBuildFile; fileRef = F1ABF2521DF9710C00E09FB8 /* lin2log.c */; };
		F1ABF2F71DF9710C00E09FB8 /* log2lin.c in Sources */ = {isa = PBXBuildFile; fileRef = F1ABF2531DF9710C00E09FB8 /* log2lin.c */; };
		F1ABF2F81DF9710C00E09FB8 /* LP_variable_cutoff.c in Sources */ = {isa = PBXBuildFile; fileRef = F1ABF2541DF9710C00E09FB8 /* LP_variable_cutoff.c */; };
		F1ABF2F91DF9710C00E09FB8 /* LPC_analysis_filter.c in Sources */ = {isa = PBXBuildFile; fileRef = F1ABF2551DF9710C00E09FB8 /* LPC_analysis_filter.c */; };
		F1ABF2FA1DF9710C00E09FB8 /* LPC_inv_pred_gain.c in Sources */ = {isa = PBXBuildFile; fileRef = F1ABF2561DF9710C00E09FB8 /* LPC_inv_pred_gain.c */; };
		F1ABF2FB1DF9710C00E09FB8 /* NLSF2A.c in Sources */ = {isa = PBXBuildFile; fileRef = F1ABF25F1DF9710C00E09FB8 /* NLSF2A.c */; };
		F1ABF2FC1DF9710C00E09FB8 /* NLSF_decode.c in Sources */ = {isa = PBXBuildFile; fileRef = F1ABF2601DF9710C00E09FB8 /* NLSF_decode.c */; };
		F1ABF2FD1DF9710C00E09FB8 /* NLSF_del_dec_quant.c in Sources */ = {isa = PBXBuildFile; fileRef = F1ABF2611DF9710C00E09FB8 /* NLSF_del_dec_quant.c */; };
		F1ABF2FE1DF9710C00E09FB8 /* NLSF_encode.c in Sources */ = {isa = PBXBuildFile; fileRef = F1ABF2621DF9710C00E09FB8 /* NLSF_encode.c */; };
		F1ABF2FF1DF9710C00E09FB8 /* NLSF_stabilize.c in Sources */ = {isa = PBXBuildFile; fileRef = F1ABF2631DF9710C00E09FB8 /* NLSF_stabilize.c */; };
		F1ABF3001DF9710C00E09FB8 /* NLSF_unpack.c in Sources */ = {isa = PBXBuildFile; fileRef = F1ABF2641DF9710C00E09FB8 /* NLSF_unpack.c */; };
		F1ABF3011DF9710C00E09FB8 /* NLSF_VQ.c in Sources */ = {isa = PBXBuildFile; fileRef = F1ABF2651DF9710C00E09FB8 /* NLSF_VQ.c */; };
		F1ABF3021DF9710C00E09FB8 /* NLSF_VQ_weights_laroia.c in Sources */ = {isa = PBXBuildFile; fileRef = F1ABF2661DF9710C00E09FB8 /* NLSF_VQ_weights_laroia.c */; };
		F1ABF3031DF9710C00E09FB8 /* NSQ.c in Sources */ = {isa = PBXBuildFile; fileRef = F1ABF2671DF9710C00E09FB8 /* NSQ.c */; };
		F1ABF3041DF9710C00E09FB8 /* NSQ_del_dec.c in Sources */ = {isa = PBXBuildFile; fileRef = F1ABF2691DF9710C00E09FB8 /* NSQ_del_dec.c */; };
		F1ABF3051DF9710C00E09FB8 /* pitch_est_tables.c in Sources */ = {isa = PBXBuildFile; fileRef = F1ABF26B1DF9710C00E09FB8 /* pitch_est_tables.c */; };
		F1ABF3061DF9710C00E09FB8 /* PLC.c in Sources */ = {isa = PBXBuildFile; fileRef = F1ABF26C1DF9710C00E09FB8 /* PLC.c */; };
		F1ABF3071DF9710C00E09FB8 /* process_NLSFs.c in Sources */ = {isa = PBXBuildFile; fileRef = F1ABF26E1DF9710C00E09FB8 /* process_NLSFs.c */; };
		F1ABF3081DF9710C00E09FB8 /* quant_LTP_gains.c in Sources */ = {isa = PBXBuildFile; fileRef = F1ABF26F1DF9710C00E09FB8 /* quant_LTP_gains.c */; };
		F1ABF3091DF9710C00E09FB8 /* resampler.c in Sources */ = {isa = PBXBuildFile; fileRef = F1ABF2701DF9710C00E09FB8 /* resampler.c */; };
		F1ABF30A1DF9710C00E09FB8 /* resampler_down2.c in Sources */ = {isa = PBXBuildFile; fileRef = F1ABF2711DF9710C00E09FB8 /* resampler_down2.c */; };
		F1ABF30B1DF9710C00E09FB8 /* resampler_down2_3.c in Sources */ = {isa = PBXBuildFile; fileRef = F1ABF2721DF9710C00E09FB8 /* resampler_down2_3.c */; };
		F1ABF30C1DF9710C00E09FB8 /* resampler_private_AR2.c in Sources */ = {isa = PBXBuildFile; fileRef = F1ABF2741DF9710C00E09FB8 /* resampler_private_AR2.c */; };
		F1ABF30D1DF9710C00E09FB8 /* resampler_private_down_FIR.c in Sources */ = {isa = PBXBuildFile; fileRef = F1ABF2751DF9710C00E09FB8 /* resampler_private_down_FIR.c */; };
		F1ABF30E1DF9710C00E09FB8 /* resampler_private_IIR_FIR.c in Sources */ = {isa = PBXBuildFile; fileRef = F1ABF2761DF9710C00E09FB8 /* resampler_private_IIR_FIR.c */; };
		F1ABF30F1DF9710C00E09FB8 /* resampler_private_up2_HQ.c in Sources */ = {isa = PBXBuildFile; fileRef = F1ABF2771DF9710C00E09FB8 /* resampler_private_up2_HQ.c */; };
		F1ABF3101DF9710C00E09FB8 /* resampler_rom.c in Sources */ = {isa = PBXBuildFile; fileRef = F1ABF2781DF9710C00E09FB8 /* resampler_rom.c */; };
		F1ABF3111DF9710C00E09FB8 /* shell_coder.c in Sources */ = {isa = PBXBuildFile; fileRef = F1ABF27B1DF9710C00E09FB8 /* shell_coder.c */; };
		F1ABF3121DF9710C00E09FB8 /* sigm_Q15.c in Sources */ = {isa = PBXBuildFile; fileRef = F1ABF27C1DF9710C00E09FB8 /* sigm_Q15.c */; };
		F1ABF3131DF9710C00E09FB8 /* sort.c in Sources */ = {isa = PBXBuildFile; fileRef = F1ABF27E1DF9710C00E09FB8 /* sort.c */; };
		F1ABF3141DF9710C00E09FB8 /* stereo_decode_pred.c in Sources */ = {isa = PBXBuildFile; fileRef = F1ABF27F1DF9710C00E09FB8 /* stereo_decode_pred.c */; };
		F1ABF3151DF9710C00E09FB8 /* stereo_encode_pred.c in Sources */ = {isa = PBXBuildFile; fileRef = F1ABF2801DF9710C00E09FB8 /* stereo_encode_pred.c */; };
		F1ABF3161DF9710C00E09FB8 /* stereo_find_predictor.c in Sources */ = {isa = PBXBuildFile; fileRef = F1ABF2811DF9710C00E09FB8 /* stereo_find_predictor.c */; };
		F1ABF3171DF9710C00E09FB8 /* stereo_LR_to_MS.c in Sources */ = {isa = PBXBuildFile; fileRef = F1ABF2821DF9710C00E09FB8 /* stereo_LR_to_MS.c */; };
		F1ABF3181DF9710C00E09FB8 /* stereo_MS_to_LR.c in Sources */ = {isa = PBXBuildFile; fileRef = F1ABF2831DF9710C00E09FB8 /* stereo_MS_to_LR.c */; };
		F1ABF3191DF9710C00E09FB8 /* stereo_quant_pred.c in Sources */ = {isa = PBXBuildFile; fileRef = F1ABF2841DF9710C00E09FB8 /* stereo_quant_pred.c */; };
		F1ABF31A1DF9710C00E09FB8 /* sum_sqr_shift.c in Sources */ = {isa = PBXBuildFile; fileRef = F1ABF2861DF9710C00E09FB8 /* sum_sqr_shift.c */; };
		F1ABF31B1DF9710C00E09FB8 /* table_LSF_cos.c in Sources */ = {isa = PBXBuildFile; fileRef = F1ABF2871DF9710C00E09FB8 /* table_LSF_cos.c */; };
		F1ABF31C1DF9710C00E09FB8 /* tables_gain.c in Sources */ = {isa = PBXBuildFile; fileRef = F1ABF2891DF9710C00E09FB8 /* tables_gain.c */; };
		F1ABF31D1DF9710C00E09FB8 /* tables_LTP.c in Sources */ = {isa = PBXBuildFile; fileRef = F1ABF28A1DF9710C00E09FB8 /* tables_LTP.c */; };
		F1ABF31E1DF9710C00E09FB8 /* tables_NLSF_CB_NB_MB.c in Sources */ = {isa = PBXBuildFile; fileRef = F1ABF28B1DF9710C00E09FB8 /* tables_NLSF_CB_NB_MB.c */; };
		F1ABF31F1DF9710C00E09FB8 /* tables_NLSF_CB_WB.c in Sources */ = {isa = PBXBuildFile; fileRef = F1ABF28C1DF9710C00E09FB8 /* tables_NLSF_CB_WB.c */; };
		F1ABF3201DF9710C00E09FB8 /* tables_other.c in Sources */ = {isa = PBXBuildFile; fileRef = F1ABF28D1DF9710C00E09FB8 /* tables_other.c */; };
		F1ABF3211DF9710C00E09FB8 /* tables_pitch_lag.c in Sources */ = {isa = PBXBuildFile; fileRef = F1ABF28E1DF9710C00E09FB8 /* tables_pitch_lag.c */; };
		F1ABF3221DF9710C00E09FB8 /* tables_pulses_per_block.c in Sources */ = {isa = PBXBuildFile; fileRef = F1ABF28F1DF9710C00E09FB8 /* tables_pulses_per_block.c */; };
		F1ABF3231DF9710C00E09FB8 /* VAD.c in Sources */ = {isa = PBXBuildFile; fileRef = F1ABF2921DF9710C00E09FB8 /* VAD.c */; };
		F1ABF3241DF9710C00E09FB8 /* VQ_WMat_EC.c in Sources */ = {isa = PBXBuildFile; fileRef = F1ABF2931DF9710C00E09FB8 /* VQ_WMat_EC.c */; };
/* End PBXBuildFile section */

/* Begin PBXCopyFilesBuildPhase section */
		F151BBF31DF9483A00D5E00F /* CopyFiles */ = {
			isa = PBXCopyFilesBuildPhase;
			buildActionMask = 2147483647;
			dstPath = "include/$(PRODUCT_NAME)";
			dstSubfolderSpec = 16;
			files = (
				F151BBFB1DF9483A00D5E00F /* libOpus.h in CopyFiles */,
			);
			runOnlyForDeploymentPostprocessing = 0;
		};
/* End PBXCopyFilesBuildPhase section */

/* Begin PBXFileReference section */
		F151BBF51DF9483A00D5E00F /* liblibOpus.a */ = {isa = PBXFileReference; explicitFileType = archive.ar; includeInIndex = 0; path = liblibOpus.a; sourceTree = BUILT_PRODUCTS_DIR; };
		F151BBF81DF9483A00D5E00F /* libOpus.h */ = {isa = PBXFileReference; lastKnownFileType = sourcecode.c.h; path = libOpus.h; sourceTree = "<group>"; };
		F151BBF91DF9483A00D5E00F /* libOpus.m */ = {isa = PBXFileReference; lastKnownFileType = sourcecode.c.objc; path = libOpus.m; sourceTree = "<group>"; };
		F1ABF1391DF970D100E09FB8 /* analysis.c */ = {isa = PBXFileReference; fileEncoding = 4; lastKnownFileType = sourcecode.c.c; path = analysis.c; sourceTree = "<group>"; };
		F1ABF13A1DF970D100E09FB8 /* analysis.h */ = {isa = PBXFileReference; fileEncoding = 4; lastKnownFileType = sourcecode.c.h; path = analysis.h; sourceTree = "<group>"; };
		F1ABF13B1DF970D100E09FB8 /* mlp_data.c */ = {isa = PBXFileReference; fileEncoding = 4; lastKnownFileType = sourcecode.c.c; path = mlp_data.c; sourceTree = "<group>"; };
		F1ABF13C1DF970D100E09FB8 /* mlp.c */ = {isa = PBXFileReference; fileEncoding = 4; lastKnownFileType = sourcecode.c.c; path = mlp.c; sourceTree = "<group>"; };
		F1ABF13D1DF970D100E09FB8 /* mlp.h */ = {isa = PBXFileReference; fileEncoding = 4; lastKnownFileType = sourcecode.c.h; path = mlp.h; sourceTree = "<group>"; };
		F1ABF13E1DF970D100E09FB8 /* opus_compare.c */ = {isa = PBXFileReference; fileEncoding = 4; lastKnownFileType = sourcecode.c.c; path = opus_compare.c; sourceTree = "<group>"; };
		F1ABF13F1DF970D100E09FB8 /* opus_decoder.c */ = {isa = PBXFileReference; fileEncoding = 4; lastKnownFileType = sourcecode.c.c; path = opus_decoder.c; sourceTree = "<group>"; };
		F1ABF1401DF970D100E09FB8 /* opus_demo.c */ = {isa = PBXFileReference; fileEncoding = 4; lastKnownFileType = sourcecode.c.c; path = opus_demo.c; sourceTree = "<group>"; };
		F1ABF1411DF970D100E09FB8 /* opus_encoder.c */ = {isa = PBXFileReference; fileEncoding = 4; lastKnownFileType = sourcecode.c.c; path = opus_encoder.c; sourceTree = "<group>"; };
		F1ABF1421DF970D100E09FB8 /* opus_multistream_decoder.c */ = {isa = PBXFileReference; fileEncoding = 4; lastKnownFileType = sourcecode.c.c; path = opus_multistream_decoder.c; sourceTree = "<group>"; };
		F1ABF1431DF970D100E09FB8 /* opus_multistream_encoder.c */ = {isa = PBXFileReference; fileEncoding = 4; lastKnownFileType = sourcecode.c.c; path = opus_multistream_encoder.c; sourceTree = "<group>"; };
		F1ABF1441DF970D100E09FB8 /* opus_multistream.c */ = {isa = PBXFileReference; fileEncoding = 4; lastKnownFileType = sourcecode.c.c; path = opus_multistream.c; sourceTree = "<group>"; };
		F1ABF1451DF970D100E09FB8 /* opus_private.h */ = {isa = PBXFileReference; fileEncoding = 4; lastKnownFileType = sourcecode.c.h; path = opus_private.h; sourceTree = "<group>"; };
		F1ABF1461DF970D100E09FB8 /* opus.c */ = {isa = PBXFileReference; fileEncoding = 4; lastKnownFileType = sourcecode.c.c; path = opus.c; sourceTree = "<group>"; };
		F1ABF1471DF970D100E09FB8 /* repacketizer_demo.c */ = {isa = PBXFileReference; fileEncoding = 4; lastKnownFileType = sourcecode.c.c; path = repacketizer_demo.c; sourceTree = "<group>"; };
		F1ABF1481DF970D100E09FB8 /* repacketizer.c */ = {isa = PBXFileReference; fileEncoding = 4; lastKnownFileType = sourcecode.c.c; path = repacketizer.c; sourceTree = "<group>"; };
		F1ABF1491DF970D100E09FB8 /* tansig_table.h */ = {isa = PBXFileReference; fileEncoding = 4; lastKnownFileType = sourcecode.c.h; path = tansig_table.h; sourceTree = "<group>"; };
		F1ABF1581DF970E400E09FB8 /* _kiss_fft_guts.h */ = {isa = PBXFileReference; fileEncoding = 4; lastKnownFileType = sourcecode.c.h; path = _kiss_fft_guts.h; sourceTree = "<group>"; };
		F1ABF1591DF970E400E09FB8 /* arch.h */ = {isa = PBXFileReference; fileEncoding = 4; lastKnownFileType = sourcecode.c.h; path = arch.h; sourceTree = "<group>"; };
		F1ABF16D1DF970E400E09FB8 /* bands.c */ = {isa = PBXFileReference; fileEncoding = 4; lastKnownFileType = sourcecode.c.c; path = bands.c; sourceTree = "<group>"; };
		F1ABF16E1DF970E400E09FB8 /* bands.h */ = {isa = PBXFileReference; fileEncoding = 4; lastKnownFileType = sourcecode.c.h; path = bands.h; sourceTree = "<group>"; };
		F1ABF16F1DF970E400E09FB8 /* celt.c */ = {isa = PBXFileReference; fileEncoding = 4; lastKnownFileType = sourcecode.c.c; path = celt.c; sourceTree = "<group>"; };
		F1ABF1701DF970E400E09FB8 /* celt.h */ = {isa = PBXFileReference; fileEncoding = 4; lastKnownFileType = sourcecode.c.h; path = celt.h; sourceTree = "<group>"; };
		F1ABF1711DF970E400E09FB8 /* celt_decoder.c */ = {isa = PBXFileReference; fileEncoding = 4; lastKnownFileType = sourcecode.c.c; path = celt_decoder.c; sourceTree = "<group>"; };
		F1ABF1721DF970E400E09FB8 /* celt_encoder.c */ = {isa = PBXFileReference; fileEncoding = 4; lastKnownFileType = sourcecode.c.c; path = celt_encoder.c; sourceTree = "<group>"; };
		F1ABF1731DF970E400E09FB8 /* celt_lpc.c */ = {isa = PBXFileReference; fileEncoding = 4; lastKnownFileType = sourcecode.c.c; path = celt_lpc.c; sourceTree = "<group>"; };
		F1ABF1741DF970E400E09FB8 /* celt_lpc.h */ = {isa = PBXFileReference; fileEncoding = 4; lastKnownFileType = sourcecode.c.h; path = celt_lpc.h; sourceTree = "<group>"; };
		F1ABF1751DF970E400E09FB8 /* cpu_support.h */ = {isa = PBXFileReference; fileEncoding = 4; lastKnownFileType = sourcecode.c.h; path = cpu_support.h; sourceTree = "<group>"; };
		F1ABF1761DF970E400E09FB8 /* cwrs.c */ = {isa = PBXFileReference; fileEncoding = 4; lastKnownFileType = sourcecode.c.c; path = cwrs.c; sourceTree = "<group>"; };
		F1ABF1771DF970E400E09FB8 /* cwrs.h */ = {isa = PBXFileReference; fileEncoding = 4; lastKnownFileType = sourcecode.c.h; path = cwrs.h; sourceTree = "<group>"; };
		F1ABF1781DF970E400E09FB8 /* ecintrin.h */ = {isa = PBXFileReference; fileEncoding = 4; lastKnownFileType = sourcecode.c.h; path = ecintrin.h; sourceTree = "<group>"; };
		F1ABF1791DF970E400E09FB8 /* entcode.c */ = {isa = PBXFileReference; fileEncoding = 4; lastKnownFileType = sourcecode.c.c; path = entcode.c; sourceTree = "<group>"; };
		F1ABF17A1DF970E400E09FB8 /* entcode.h */ = {isa = PBXFileReference; fileEncoding = 4; lastKnownFileType = sourcecode.c.h; path = entcode.h; sourceTree = "<group>"; };
		F1ABF17B1DF970E400E09FB8 /* entdec.c */ = {isa = PBXFileReference; fileEncoding = 4; lastKnownFileType = sourcecode.c.c; path = entdec.c; sourceTree = "<group>"; };
		F1ABF17C1DF970E400E09FB8 /* entdec.h */ = {isa = PBXFileReference; fileEncoding = 4; lastKnownFileType = sourcecode.c.h; path = entdec.h; sourceTree = "<group>"; };
		F1ABF17D1DF970E400E09FB8 /* entenc.c */ = {isa = PBXFileReference; fileEncoding = 4; lastKnownFileType = sourcecode.c.c; path = entenc.c; sourceTree = "<group>"; };
		F1ABF17E1DF970E400E09FB8 /* entenc.h */ = {isa = PBXFileReference; fileEncoding = 4; lastKnownFileType = sourcecode.c.h; path = entenc.h; sourceTree = "<group>"; };
		F1ABF17F1DF970E400E09FB8 /* fixed_debug.h */ = {isa = PBXFileReference; fileEncoding = 4; lastKnownFileType = sourcecode.c.h; path = fixed_debug.h; sourceTree = "<group>"; };
		F1ABF1801DF970E400E09FB8 /* fixed_generic.h */ = {isa = PBXFileReference; fileEncoding = 4; lastKnownFileType = sourcecode.c.h; path = fixed_generic.h; sourceTree = "<group>"; };
		F1ABF1811DF970E400E09FB8 /* float_cast.h */ = {isa = PBXFileReference; fileEncoding = 4; lastKnownFileType = sourcecode.c.h; path = float_cast.h; sourceTree = "<group>"; };
		F1ABF1821DF970E400E09FB8 /* kiss_fft.c */ = {isa = PBXFileReference; fileEncoding = 4; lastKnownFileType = sourcecode.c.c; path = kiss_fft.c; sourceTree = "<group>"; };
		F1ABF1831DF970E400E09FB8 /* kiss_fft.h */ = {isa = PBXFileReference; fileEncoding = 4; lastKnownFileType = sourcecode.c.h; path = kiss_fft.h; sourceTree = "<group>"; };
		F1ABF1841DF970E400E09FB8 /* laplace.c */ = {isa = PBXFileReference; fileEncoding = 4; lastKnownFileType = sourcecode.c.c; path = laplace.c; sourceTree = "<group>"; };
		F1ABF1851DF970E400E09FB8 /* laplace.h */ = {isa = PBXFileReference; fileEncoding = 4; lastKnownFileType = sourcecode.c.h; path = laplace.h; sourceTree = "<group>"; };
		F1ABF1861DF970E400E09FB8 /* mathops.c */ = {isa = PBXFileReference; fileEncoding = 4; lastKnownFileType = sourcecode.c.c; path = mathops.c; sourceTree = "<group>"; };
		F1ABF1871DF970E400E09FB8 /* mathops.h */ = {isa = PBXFileReference; fileEncoding = 4; lastKnownFileType = sourcecode.c.h; path = mathops.h; sourceTree = "<group>"; };
		F1ABF1881DF970E400E09FB8 /* mdct.c */ = {isa = PBXFileReference; fileEncoding = 4; lastKnownFileType = sourcecode.c.c; path = mdct.c; sourceTree = "<group>"; };
		F1ABF1891DF970E400E09FB8 /* mdct.h */ = {isa = PBXFileReference; fileEncoding = 4; lastKnownFileType = sourcecode.c.h; path = mdct.h; sourceTree = "<group>"; };
		F1ABF18A1DF970E400E09FB8 /* mfrngcod.h */ = {isa = PBXFileReference; fileEncoding = 4; lastKnownFileType = sourcecode.c.h; path = mfrngcod.h; sourceTree = "<group>"; };
		F1ABF1921DF970E400E09FB8 /* modes.c */ = {isa = PBXFileReference; fileEncoding = 4; lastKnownFileType = sourcecode.c.c; path = modes.c; sourceTree = "<group>"; };
		F1ABF1931DF970E400E09FB8 /* modes.h */ = {isa = PBXFileReference; fileEncoding = 4; lastKnownFileType = sourcecode.c.h; path = modes.h; sourceTree = "<group>"; };
		F1ABF1941DF970E400E09FB8 /* opus_custom_demo.c */ = {isa = PBXFileReference; fileEncoding = 4; lastKnownFileType = sourcecode.c.c; path = opus_custom_demo.c; sourceTree = "<group>"; };
		F1ABF1951DF970E400E09FB8 /* os_support.h */ = {isa = PBXFileReference; fileEncoding = 4; lastKnownFileType = sourcecode.c.h; path = os_support.h; sourceTree = "<group>"; };
		F1ABF1961DF970E400E09FB8 /* pitch.c */ = {isa = PBXFileReference; fileEncoding = 4; lastKnownFileType = sourcecode.c.c; path = pitch.c; sourceTree = "<group>"; };
		F1ABF1971DF970E400E09FB8 /* pitch.h */ = {isa = PBXFileReference; fileEncoding = 4; lastKnownFileType = sourcecode.c.h; path = pitch.h; sourceTree = "<group>"; };
		F1ABF1981DF970E400E09FB8 /* quant_bands.c */ = {isa = PBXFileReference; fileEncoding = 4; lastKnownFileType = sourcecode.c.c; path = quant_bands.c; sourceTree = "<group>"; };
		F1ABF1991DF970E400E09FB8 /* quant_bands.h */ = {isa = PBXFileReference; fileEncoding = 4; lastKnownFileType = sourcecode.c.h; path = quant_bands.h; sourceTree = "<group>"; };
		F1ABF19A1DF970E400E09FB8 /* rate.c */ = {isa = PBXFileReference; fileEncoding = 4; lastKnownFileType = sourcecode.c.c; path = rate.c; sourceTree = "<group>"; };
		F1ABF19B1DF970E400E09FB8 /* rate.h */ = {isa = PBXFileReference; fileEncoding = 4; lastKnownFileType = sourcecode.c.h; path = rate.h; sourceTree = "<group>"; };
		F1ABF19C1DF970E400E09FB8 /* stack_alloc.h */ = {isa = PBXFileReference; fileEncoding = 4; lastKnownFileType = sourcecode.c.h; path = stack_alloc.h; sourceTree = "<group>"; };
		F1ABF19D1DF970E400E09FB8 /* static_modes_fixed.h */ = {isa = PBXFileReference; fileEncoding = 4; lastKnownFileType = sourcecode.c.h; path = static_modes_fixed.h; sourceTree = "<group>"; };
		F1ABF19E1DF970E400E09FB8 /* static_modes_fixed_arm_ne10.h */ = {isa = PBXFileReference; fileEncoding = 4; lastKnownFileType = sourcecode.c.h; path = static_modes_fixed_arm_ne10.h; sourceTree = "<group>"; };
		F1ABF19F1DF970E400E09FB8 /* static_modes_float.h */ = {isa = PBXFileReference; fileEncoding = 4; lastKnownFileType = sourcecode.c.h; path = static_modes_float.h; sourceTree = "<group>"; };
		F1ABF1A01DF970E400E09FB8 /* static_modes_float_arm_ne10.h */ = {isa = PBXFileReference; fileEncoding = 4; lastKnownFileType = sourcecode.c.h; path = static_modes_float_arm_ne10.h; sourceTree = "<group>"; };
		F1ABF1AA1DF970E400E09FB8 /* vq.c */ = {isa = PBXFileReference; fileEncoding = 4; lastKnownFileType = sourcecode.c.c; path = vq.c; sourceTree = "<group>"; };
		F1ABF1AB1DF970E400E09FB8 /* vq.h */ = {isa = PBXFileReference; fileEncoding = 4; lastKnownFileType = sourcecode.c.h; path = vq.h; sourceTree = "<group>"; };
		F1ABF1DF1DF9710B00E09FB8 /* A2NLSF.c */ = {isa = PBXFileReference; fileEncoding = 4; lastKnownFileType = sourcecode.c.c; path = A2NLSF.c; sourceTree = "<group>"; };
		F1ABF1E01DF9710B00E09FB8 /* ana_filt_bank_1.c */ = {isa = PBXFileReference; fileEncoding = 4; lastKnownFileType = sourcecode.c.c; path = ana_filt_bank_1.c; sourceTree = "<group>"; };
		F1ABF1E11DF9710B00E09FB8 /* API.h */ = {isa = PBXFileReference; fileEncoding = 4; lastKnownFileType = sourcecode.c.h; path = API.h; sourceTree = "<group>"; };
		F1ABF1EB1DF9710C00E09FB8 /* biquad_alt.c */ = {isa = PBXFileReference; fileEncoding = 4; lastKnownFileType = sourcecode.c.c; path = biquad_alt.c; sourceTree = "<group>"; };
		F1ABF1EC1DF9710C00E09FB8 /* bwexpander.c */ = {isa = PBXFileReference; fileEncoding = 4; lastKnownFileType = sourcecode.c.c; path = bwexpander.c; sourceTree = "<group>"; };
		F1ABF1ED1DF9710C00E09FB8 /* bwexpander_32.c */ = {isa = PBXFileReference; fileEncoding = 4; lastKnownFileType = sourcecode.c.c; path = bwexpander_32.c; sourceTree = "<group>"; };
		F1ABF1EE1DF9710C00E09FB8 /* check_control_input.c */ = {isa = PBXFileReference; fileEncoding = 4; lastKnownFileType = sourcecode.c.c; path = check_control_input.c; sourceTree = "<group>"; };
		F1ABF1EF1DF9710C00E09FB8 /* CNG.c */ = {isa = PBXFileReference; fileEncoding = 4; lastKnownFileType = sourcecode.c.c; path = CNG.c; sourceTree = "<group>"; };
		F1ABF1F01DF9710C00E09FB8 /* code_signs.c */ = {isa = PBXFileReference; fileEncoding = 4; lastKnownFileType = sourcecode.c.c; path = code_signs.c; sourceTree = "<group>"; };
		F1ABF1F11DF9710C00E09FB8 /* control.h */ = {isa = PBXFileReference; fileEncoding = 4; lastKnownFileType = sourcecode.c.h; path = control.h; sourceTree = "<group>"; };
		F1ABF1F21DF9710C00E09FB8 /* control_audio_bandwidth.c */ = {isa = PBXFileReference; fileEncoding = 4; lastKnownFileType = sourcecode.c.c; path = control_audio_bandwidth.c; sourceTree = "<group>"; };
		F1ABF1F31DF9710C00E09FB8 /* control_codec.c */ = {isa = PBXFileReference; fileEncoding = 4; lastKnownFileType = sourcecode.c.c; path = control_codec.c; sourceTree = "<group>"; };
		F1ABF1F41DF9710C00E09FB8 /* control_SNR.c */ = {isa = PBXFileReference; fileEncoding = 4; lastKnownFileType = sourcecode.c.c; path = control_SNR.c; sourceTree = "<group>"; };
		F1ABF1F51DF9710C00E09FB8 /* debug.c */ = {isa = PBXFileReference; fileEncoding = 4; lastKnownFileType = sourcecode.c.c; path = debug.c; sourceTree = "<group>"; };
		F1ABF1F61DF9710C00E09FB8 /* debug.h */ = {isa = PBXFileReference; fileEncoding = 4; lastKnownFileType = sourcecode.c.h; path = debug.h; sourceTree = "<group>"; };
		F1ABF1F71DF9710C00E09FB8 /* dec_API.c */ = {isa = PBXFileReference; fileEncoding = 4; lastKnownFileType = sourcecode.c.c; path = dec_API.c; sourceTree = "<group>"; };
		F1ABF1F81DF9710C00E09FB8 /* decode_core.c */ = {isa = PBXFileReference; fileEncoding = 4; lastKnownFileType = sourcecode.c.c; path = decode_core.c; sourceTree = "<group>"; };
		F1ABF1F91DF9710C00E09FB8 /* decode_frame.c */ = {isa = PBXFileReference; fileEncoding = 4; lastKnownFileType = sourcecode.c.c; path = decode_frame.c; sourceTree = "<group>"; };
		F1ABF1FA1DF9710C00E09FB8 /* decode_indices.c */ = {isa = PBXFileReference; fileEncoding = 4; lastKnownFileType = sourcecode.c.c; path = decode_indices.c; sourceTree = "<group>"; };
		F1ABF1FB1DF9710C00E09FB8 /* decode_parameters.c */ = {isa = PBXFileReference; fileEncoding = 4; lastKnownFileType = sourcecode.c.c; path = decode_parameters.c; sourceTree = "<group>"; };
		F1ABF1FC1DF9710C00E09FB8 /* decode_pitch.c */ = {isa = PBXFileReference; fileEncoding = 4; lastKnownFileType = sourcecode.c.c; path = decode_pitch.c; sourceTree = "<group>"; };
		F1ABF1FD1DF9710C00E09FB8 /* decode_pulses.c */ = {isa = PBXFileReference; fileEncoding = 4; lastKnownFileType = sourcecode.c.c; path = decode_pulses.c; sourceTree = "<group>"; };
		F1ABF1FE1DF9710C00E09FB8 /* decoder_set_fs.c */ = {isa = PBXFileReference; fileEncoding = 4; lastKnownFileType = sourcecode.c.c; path = decoder_set_fs.c; sourceTree = "<group>"; };
		F1ABF1FF1DF9710C00E09FB8 /* define.h */ = {isa = PBXFileReference; fileEncoding = 4; lastKnownFileType = sourcecode.c.h; path = define.h; sourceTree = "<group>"; };
		F1ABF2001DF9710C00E09FB8 /* enc_API.c */ = {isa = PBXFileReference; fileEncoding = 4; lastKnownFileType = sourcecode.c.c; path = enc_API.c; sourceTree = "<group>"; };
		F1ABF2011DF9710C00E09FB8 /* encode_indices.c */ = {isa = PBXFileReference; fileEncoding = 4; lastKnownFileType = sourcecode.c.c; path = encode_indices.c; sourceTree = "<group>"; };
		F1ABF2021DF9710C00E09FB8 /* encode_pulses.c */ = {isa = PBXFileReference; fileEncoding = 4; lastKnownFileType = sourcecode.c.c; path = encode_pulses.c; sourceTree = "<group>"; };
		F1ABF2031DF9710C00E09FB8 /* errors.h */ = {isa = PBXFileReference; fileEncoding = 4; lastKnownFileType = sourcecode.c.h; path = errors.h; sourceTree = "<group>"; };
		F1ABF2051DF9710C00E09FB8 /* apply_sine_window_FIX.c */ = {isa = PBXFileReference; fileEncoding = 4; lastKnownFileType = sourcecode.c.c; path = apply_sine_window_FIX.c; sourceTree = "<group>"; };
		F1ABF2061DF9710C00E09FB8 /* autocorr_FIX.c */ = {isa = PBXFileReference; fileEncoding = 4; lastKnownFileType = sourcecode.c.c; path = autocorr_FIX.c; sourceTree = "<group>"; };
		F1ABF2071DF9710C00E09FB8 /* burg_modified_FIX.c */ = {isa = PBXFileReference; fileEncoding = 4; lastKnownFileType = sourcecode.c.c; path = burg_modified_FIX.c; sourceTree = "<group>"; };
		F1ABF2081DF9710C00E09FB8 /* corrMatrix_FIX.c */ = {isa = PBXFileReference; fileEncoding = 4; lastKnownFileType = sourcecode.c.c; path = corrMatrix_FIX.c; sourceTree = "<group>"; };
		F1ABF2091DF9710C00E09FB8 /* encode_frame_FIX.c */ = {isa = PBXFileReference; fileEncoding = 4; lastKnownFileType = sourcecode.c.c; path = encode_frame_FIX.c; sourceTree = "<group>"; };
		F1ABF20A1DF9710C00E09FB8 /* find_LPC_FIX.c */ = {isa = PBXFileReference; fileEncoding = 4; lastKnownFileType = sourcecode.c.c; path = find_LPC_FIX.c; sourceTree = "<group>"; };
		F1ABF20B1DF9710C00E09FB8 /* find_LTP_FIX.c */ = {isa = PBXFileReference; fileEncoding = 4; lastKnownFileType = sourcecode.c.c; path = find_LTP_FIX.c; sourceTree = "<group>"; };
		F1ABF20C1DF9710C00E09FB8 /* find_pitch_lags_FIX.c */ = {isa = PBXFileReference; fileEncoding = 4; lastKnownFileType = sourcecode.c.c; path = find_pitch_lags_FIX.c; sourceTree = "<group>"; };
		F1ABF20D1DF9710C00E09FB8 /* find_pred_coefs_FIX.c */ = {isa = PBXFileReference; fileEncoding = 4; lastKnownFileType = sourcecode.c.c; path = find_pred_coefs_FIX.c; sourceTree = "<group>"; };
		F1ABF20E1DF9710C00E09FB8 /* k2a_FIX.c */ = {isa = PBXFileReference; fileEncoding = 4; lastKnownFileType = sourcecode.c.c; path = k2a_FIX.c; sourceTree = "<group>"; };
		F1ABF20F1DF9710C00E09FB8 /* k2a_Q16_FIX.c */ = {isa = PBXFileReference; fileEncoding = 4; lastKnownFileType = sourcecode.c.c; path = k2a_Q16_FIX.c; sourceTree = "<group>"; };
		F1ABF2101DF9710C00E09FB8 /* LTP_analysis_filter_FIX.c */ = {isa = PBXFileReference; fileEncoding = 4; lastKnownFileType = sourcecode.c.c; path = LTP_analysis_filter_FIX.c; sourceTree = "<group>"; };
		F1ABF2111DF9710C00E09FB8 /* LTP_scale_ctrl_FIX.c */ = {isa = PBXFileReference; fileEncoding = 4; lastKnownFileType = sourcecode.c.c; path = LTP_scale_ctrl_FIX.c; sourceTree = "<group>"; };
		F1ABF2121DF9710C00E09FB8 /* main_FIX.h */ = {isa = PBXFileReference; fileEncoding = 4; lastKnownFileType = sourcecode.c.h; path = main_FIX.h; sourceTree = "<group>"; };
		F1ABF2171DF9710C00E09FB8 /* noise_shape_analysis_FIX.c */ = {isa = PBXFileReference; fileEncoding = 4; lastKnownFileType = sourcecode.c.c; path = noise_shape_analysis_FIX.c; sourceTree = "<group>"; };
		F1ABF2181DF9710C00E09FB8 /* pitch_analysis_core_FIX.c */ = {isa = PBXFileReference; fileEncoding = 4; lastKnownFileType = sourcecode.c.c; path = pitch_analysis_core_FIX.c; sourceTree = "<group>"; };
		F1ABF2191DF9710C00E09FB8 /* prefilter_FIX.c */ = {isa = PBXFileReference; fileEncoding = 4; lastKnownFileType = sourcecode.c.c; path = prefilter_FIX.c; sourceTree = "<group>"; };
		F1ABF21A1DF9710C00E09FB8 /* process_gains_FIX.c */ = {isa = PBXFileReference; fileEncoding = 4; lastKnownFileType = sourcecode.c.c; path = process_gains_FIX.c; sourceTree = "<group>"; };
		F1ABF21B1DF9710C00E09FB8 /* regularize_correlations_FIX.c */ = {isa = PBXFileReference; fileEncoding = 4; lastKnownFileType = sourcecode.c.c; path = regularize_correlations_FIX.c; sourceTree = "<group>"; };
		F1ABF21C1DF9710C00E09FB8 /* residual_energy16_FIX.c */ = {isa = PBXFileReference; fileEncoding = 4; lastKnownFileType = sourcecode.c.c; path = residual_energy16_FIX.c; sourceTree = "<group>"; };
		F1ABF21D1DF9710C00E09FB8 /* residual_energy_FIX.c */ = {isa = PBXFileReference; fileEncoding = 4; lastKnownFileType = sourcecode.c.c; path = residual_energy_FIX.c; sourceTree = "<group>"; };
		F1ABF21E1DF9710C00E09FB8 /* schur64_FIX.c */ = {isa = PBXFileReference; fileEncoding = 4; lastKnownFileType = sourcecode.c.c; path = schur64_FIX.c; sourceTree = "<group>"; };
		F1ABF21F1DF9710C00E09FB8 /* schur_FIX.c */ = {isa = PBXFileReference; fileEncoding = 4; lastKnownFileType = sourcecode.c.c; path = schur_FIX.c; sourceTree = "<group>"; };
		F1ABF2201DF9710C00E09FB8 /* solve_LS_FIX.c */ = {isa = PBXFileReference; fileEncoding = 4; lastKnownFileType = sourcecode.c.c; path = solve_LS_FIX.c; sourceTree = "<group>"; };
		F1ABF2211DF9710C00E09FB8 /* structs_FIX.h */ = {isa = PBXFileReference; fileEncoding = 4; lastKnownFileType = sourcecode.c.h; path = structs_FIX.h; sourceTree = "<group>"; };
		F1ABF2221DF9710C00E09FB8 /* vector_ops_FIX.c */ = {isa = PBXFileReference; fileEncoding = 4; lastKnownFileType = sourcecode.c.c; path = vector_ops_FIX.c; sourceTree = "<group>"; };
		F1ABF2231DF9710C00E09FB8 /* warped_autocorrelation_FIX.c */ = {isa = PBXFileReference; fileEncoding = 4; lastKnownFileType = sourcecode.c.c; path = warped_autocorrelation_FIX.c; sourceTree = "<group>"; };
		F1ABF24B1DF9710C00E09FB8 /* gain_quant.c */ = {isa = PBXFileReference; fileEncoding = 4; lastKnownFileType = sourcecode.c.c; path = gain_quant.c; sourceTree = "<group>"; };
		F1ABF24C1DF9710C00E09FB8 /* HP_variable_cutoff.c */ = {isa = PBXFileReference; fileEncoding = 4; lastKnownFileType = sourcecode.c.c; path = HP_variable_cutoff.c; sourceTree = "<group>"; };
		F1ABF24D1DF9710C00E09FB8 /* init_decoder.c */ = {isa = PBXFileReference; fileEncoding = 4; lastKnownFileType = sourcecode.c.c; path = init_decoder.c; sourceTree = "<group>"; };
		F1ABF24E1DF9710C00E09FB8 /* init_encoder.c */ = {isa = PBXFileReference; fileEncoding = 4; lastKnownFileType = sourcecode.c.c; path = init_encoder.c; sourceTree = "<group>"; };
		F1ABF24F1DF9710C00E09FB8 /* Inlines.h */ = {isa = PBXFileReference; fileEncoding = 4; lastKnownFileType = sourcecode.c.h; path = Inlines.h; sourceTree = "<group>"; };
		F1ABF2501DF9710C00E09FB8 /* inner_prod_aligned.c */ = {isa = PBXFileReference; fileEncoding = 4; lastKnownFileType = sourcecode.c.c; path = inner_prod_aligned.c; sourceTree = "<group>"; };
		F1ABF2511DF9710C00E09FB8 /* interpolate.c */ = {isa = PBXFileReference; fileEncoding = 4; lastKnownFileType = sourcecode.c.c; path = interpolate.c; sourceTree = "<group>"; };
		F1ABF2521DF9710C00E09FB8 /* lin2log.c */ = {isa = PBXFileReference; fileEncoding = 4; lastKnownFileType = sourcecode.c.c; path = lin2log.c; sourceTree = "<group>"; };
		F1ABF2531DF9710C00E09FB8 /* log2lin.c */ = {isa = PBXFileReference; fileEncoding = 4; lastKnownFileType = sourcecode.c.c; path = log2lin.c; sourceTree = "<group>"; };
		F1ABF2541DF9710C00E09FB8 /* LP_variable_cutoff.c */ = {isa = PBXFileReference; fileEncoding = 4; lastKnownFileType = sourcecode.c.c; path = LP_variable_cutoff.c; sourceTree = "<group>"; };
		F1ABF2551DF9710C00E09FB8 /* LPC_analysis_filter.c */ = {isa = PBXFileReference; fileEncoding = 4; lastKnownFileType = sourcecode.c.c; path = LPC_analysis_filter.c; sourceTree = "<group>"; };
		F1ABF2561DF9710C00E09FB8 /* LPC_inv_pred_gain.c */ = {isa = PBXFileReference; fileEncoding = 4; lastKnownFileType = sourcecode.c.c; path = LPC_inv_pred_gain.c; sourceTree = "<group>"; };
		F1ABF2571DF9710C00E09FB8 /* MacroCount.h */ = {isa = PBXFileReference; fileEncoding = 4; lastKnownFileType = sourcecode.c.h; path = MacroCount.h; sourceTree = "<group>"; };
		F1ABF2581DF9710C00E09FB8 /* MacroDebug.h */ = {isa = PBXFileReference; fileEncoding = 4; lastKnownFileType = sourcecode.c.h; path = MacroDebug.h; sourceTree = "<group>"; };
		F1ABF2591DF9710C00E09FB8 /* macros.h */ = {isa = PBXFileReference; fileEncoding = 4; lastKnownFileType = sourcecode.c.h; path = macros.h; sourceTree = "<group>"; };
		F1ABF25A1DF9710C00E09FB8 /* main.h */ = {isa = PBXFileReference; fileEncoding = 4; lastKnownFileType = sourcecode.c.h; path = main.h; sourceTree = "<group>"; };
		F1ABF25F1DF9710C00E09FB8 /* NLSF2A.c */ = {isa = PBXFileReference; fileEncoding = 4; lastKnownFileType = sourcecode.c.c; path = NLSF2A.c; sourceTree = "<group>"; };
		F1ABF2601DF9710C00E09FB8 /* NLSF_decode.c */ = {isa = PBXFileReference; fileEncoding = 4; lastKnownFileType = sourcecode.c.c; path = NLSF_decode.c; sourceTree = "<group>"; };
		F1ABF2611DF9710C00E09FB8 /* NLSF_del_dec_quant.c */ = {isa = PBXFileReference; fileEncoding = 4; lastKnownFileType = sourcecode.c.c; path = NLSF_del_dec_quant.c; sourceTree = "<group>"; };
		F1ABF2621DF9710C00E09FB8 /* NLSF_encode.c */ = {isa = PBXFileReference; fileEncoding = 4; lastKnownFileType = sourcecode.c.c; path = NLSF_encode.c; sourceTree = "<group>"; };
		F1ABF2631DF9710C00E09FB8 /* NLSF_stabilize.c */ = {isa = PBXFileReference; fileEncoding = 4; lastKnownFileType = sourcecode.c.c; path = NLSF_stabilize.c; sourceTree = "<group>"; };
		F1ABF2641DF9710C00E09FB8 /* NLSF_unpack.c */ = {isa = PBXFileReference; fileEncoding = 4; lastKnownFileType = sourcecode.c.c; path = NLSF_unpack.c; sourceTree = "<group>"; };
		F1ABF2651DF9710C00E09FB8 /* NLSF_VQ.c */ = {isa = PBXFileReference; fileEncoding = 4; lastKnownFileType = sourcecode.c.c; path = NLSF_VQ.c; sourceTree = "<group>"; };
		F1ABF2661DF9710C00E09FB8 /* NLSF_VQ_weights_laroia.c */ = {isa = PBXFileReference; fileEncoding = 4; lastKnownFileType = sourcecode.c.c; path = NLSF_VQ_weights_laroia.c; sourceTree = "<group>"; };
		F1ABF2671DF9710C00E09FB8 /* NSQ.c */ = {isa = PBXFileReference; fileEncoding = 4; lastKnownFileType = sourcecode.c.c; path = NSQ.c; sourceTree = "<group>"; };
		F1ABF2681DF9710C00E09FB8 /* NSQ.h */ = {isa = PBXFileReference; fileEncoding = 4; lastKnownFileType = sourcecode.c.h; path = NSQ.h; sourceTree = "<group>"; };
		F1ABF2691DF9710C00E09FB8 /* NSQ_del_dec.c */ = {isa = PBXFileReference; fileEncoding = 4; lastKnownFileType = sourcecode.c.c; path = NSQ_del_dec.c; sourceTree = "<group>"; };
		F1ABF26A1DF9710C00E09FB8 /* pitch_est_defines.h */ = {isa = PBXFileReference; fileEncoding = 4; lastKnownFileType = sourcecode.c.h; path = pitch_est_defines.h; sourceTree = "<group>"; };
		F1ABF26B1DF9710C00E09FB8 /* pitch_est_tables.c */ = {isa = PBXFileReference; fileEncoding = 4; lastKnownFileType = sourcecode.c.c; path = pitch_est_tables.c; sourceTree = "<group>"; };
		F1ABF26C1DF9710C00E09FB8 /* PLC.c */ = {isa = PBXFileReference; fileEncoding = 4; lastKnownFileType = sourcecode.c.c; path = PLC.c; sourceTree = "<group>"; };
		F1ABF26D1DF9710C00E09FB8 /* PLC.h */ = {isa = PBXFileReference; fileEncoding = 4; lastKnownFileType = sourcecode.c.h; path = PLC.h; sourceTree = "<group>"; };
		F1ABF26E1DF9710C00E09FB8 /* process_NLSFs.c */ = {isa = PBXFileReference; fileEncoding = 4; lastKnownFileType = sourcecode.c.c; path = process_NLSFs.c; sourceTree = "<group>"; };
		F1ABF26F1DF9710C00E09FB8 /* quant_LTP_gains.c */ = {isa = PBXFileReference; fileEncoding = 4; lastKnownFileType = sourcecode.c.c; path = quant_LTP_gains.c; sourceTree = "<group>"; };
		F1ABF2701DF9710C00E09FB8 /* resampler.c */ = {isa = PBXFileReference; fileEncoding = 4; lastKnownFileType = sourcecode.c.c; path = resampler.c; sourceTree = "<group>"; };
		F1ABF2711DF9710C00E09FB8 /* resampler_down2.c */ = {isa = PBXFileReference; fileEncoding = 4; lastKnownFileType = sourcecode.c.c; path = resampler_down2.c; sourceTree = "<group>"; };
		F1ABF2721DF9710C00E09FB8 /* resampler_down2_3.c */ = {isa = PBXFileReference; fileEncoding = 4; lastKnownFileType = sourcecode.c.c; path = resampler_down2_3.c; sourceTree = "<group>"; };
		F1ABF2731DF9710C00E09FB8 /* resampler_private.h */ = {isa = PBXFileReference; fileEncoding = 4; lastKnownFileType = sourcecode.c.h; path = resampler_private.h; sourceTree = "<group>"; };
		F1ABF2741DF9710C00E09FB8 /* resampler_private_AR2.c */ = {isa = PBXFileReference; fileEncoding = 4; lastKnownFileType = sourcecode.c.c; path = resampler_private_AR2.c; sourceTree = "<group>"; };
		F1ABF2751DF9710C00E09FB8 /* resampler_private_down_FIR.c */ = {isa = PBXFileReference; fileEncoding = 4; lastKnownFileType = sourcecode.c.c; path = resampler_private_down_FIR.c; sourceTree = "<group>"; };
		F1ABF2761DF9710C00E09FB8 /* resampler_private_IIR_FIR.c */ = {isa = PBXFileReference; fileEncoding = 4; lastKnownFileType = sourcecode.c.c; path = resampler_private_IIR_FIR.c; sourceTree = "<group>"; };
		F1ABF2771DF9710C00E09FB8 /* resampler_private_up2_HQ.c */ = {isa = PBXFileReference; fileEncoding = 4; lastKnownFileType = sourcecode.c.c; path = resampler_private_up2_HQ.c; sourceTree = "<group>"; };
		F1ABF2781DF9710C00E09FB8 /* resampler_rom.c */ = {isa = PBXFileReference; fileEncoding = 4; lastKnownFileType = sourcecode.c.c; path = resampler_rom.c; sourceTree = "<group>"; };
		F1ABF2791DF9710C00E09FB8 /* resampler_rom.h */ = {isa = PBXFileReference; fileEncoding = 4; lastKnownFileType = sourcecode.c.h; path = resampler_rom.h; sourceTree = "<group>"; };
		F1ABF27A1DF9710C00E09FB8 /* resampler_structs.h */ = {isa = PBXFileReference; fileEncoding = 4; lastKnownFileType = sourcecode.c.h; path = resampler_structs.h; sourceTree = "<group>"; };
		F1ABF27B1DF9710C00E09FB8 /* shell_coder.c */ = {isa = PBXFileReference; fileEncoding = 4; lastKnownFileType = sourcecode.c.c; path = shell_coder.c; sourceTree = "<group>"; };
		F1ABF27C1DF9710C00E09FB8 /* sigm_Q15.c */ = {isa = PBXFileReference; fileEncoding = 4; lastKnownFileType = sourcecode.c.c; path = sigm_Q15.c; sourceTree = "<group>"; };
		F1ABF27D1DF9710C00E09FB8 /* SigProc_FIX.h */ = {isa = PBXFileReference; fileEncoding = 4; lastKnownFileType = sourcecode.c.h; path = SigProc_FIX.h; sourceTree = "<group>"; };
		F1ABF27E1DF9710C00E09FB8 /* sort.c */ = {isa = PBXFileReference; fileEncoding = 4; lastKnownFileType = sourcecode.c.c; path = sort.c; sourceTree = "<group>"; };
		F1ABF27F1DF9710C00E09FB8 /* stereo_decode_pred.c */ = {isa = PBXFileReference; fileEncoding = 4; lastKnownFileType = sourcecode.c.c; path = stereo_decode_pred.c; sourceTree = "<group>"; };
		F1ABF2801DF9710C00E09FB8 /* stereo_encode_pred.c */ = {isa = PBXFileReference; fileEncoding = 4; lastKnownFileType = sourcecode.c.c; path = stereo_encode_pred.c; sourceTree = "<group>"; };
		F1ABF2811DF9710C00E09FB8 /* stereo_find_predictor.c */ = {isa = PBXFileReference; fileEncoding = 4; lastKnownFileType = sourcecode.c.c; path = stereo_find_predictor.c; sourceTree = "<group>"; };
		F1ABF2821DF9710C00E09FB8 /* stereo_LR_to_MS.c */ = {isa = PBXFileReference; fileEncoding = 4; lastKnownFileType = sourcecode.c.c; path = stereo_LR_to_MS.c; sourceTree = "<group>"; };
		F1ABF2831DF9710C00E09FB8 /* stereo_MS_to_LR.c */ = {isa = PBXFileReference; fileEncoding = 4; lastKnownFileType = sourcecode.c.c; path = stereo_MS_to_LR.c; sourceTree = "<group>"; };
		F1ABF2841DF9710C00E09FB8 /* stereo_quant_pred.c */ = {isa = PBXFileReference; fileEncoding = 4; lastKnownFileType = sourcecode.c.c; path = stereo_quant_pred.c; sourceTree = "<group>"; };
		F1ABF2851DF9710C00E09FB8 /* structs.h */ = {isa = PBXFileReference; fileEncoding = 4; lastKnownFileType = sourcecode.c.h; path = structs.h; sourceTree = "<group>"; };
		F1ABF2861DF9710C00E09FB8 /* sum_sqr_shift.c */ = {isa = PBXFileReference; fileEncoding = 4; lastKnownFileType = sourcecode.c.c; path = sum_sqr_shift.c; sourceTree = "<group>"; };
		F1ABF2871DF9710C00E09FB8 /* table_LSF_cos.c */ = {isa = PBXFileReference; fileEncoding = 4; lastKnownFileType = sourcecode.c.c; path = table_LSF_cos.c; sourceTree = "<group>"; };
		F1ABF2881DF9710C00E09FB8 /* tables.h */ = {isa = PBXFileReference; fileEncoding = 4; lastKnownFileType = sourcecode.c.h; path = tables.h; sourceTree = "<group>"; };
		F1ABF2891DF9710C00E09FB8 /* tables_gain.c */ = {isa = PBXFileReference; fileEncoding = 4; lastKnownFileType = sourcecode.c.c; path = tables_gain.c; sourceTree = "<group>"; };
		F1ABF28A1DF9710C00E09FB8 /* tables_LTP.c */ = {isa = PBXFileReference; fileEncoding = 4; lastKnownFileType = sourcecode.c.c; path = tables_LTP.c; sourceTree = "<group>"; };
		F1ABF28B1DF9710C00E09FB8 /* tables_NLSF_CB_NB_MB.c */ = {isa = PBXFileReference; fileEncoding = 4; lastKnownFileType = sourcecode.c.c; path = tables_NLSF_CB_NB_MB.c; sourceTree = "<group>"; };
		F1ABF28C1DF9710C00E09FB8 /* tables_NLSF_CB_WB.c */ = {isa = PBXFileReference; fileEncoding = 4; lastKnownFileType = sourcecode.c.c; path = tables_NLSF_CB_WB.c; sourceTree = "<group>"; };
		F1ABF28D1DF9710C00E09FB8 /* tables_other.c */ = {isa = PBXFileReference; fileEncoding = 4; lastKnownFileType = sourcecode.c.c; path = tables_other.c; sourceTree = "<group>"; };
		F1ABF28E1DF9710C00E09FB8 /* tables_pitch_lag.c */ = {isa = PBXFileReference; fileEncoding = 4; lastKnownFileType = sourcecode.c.c; path = tables_pitch_lag.c; sourceTree = "<group>"; };
		F1ABF28F1DF9710C00E09FB8 /* tables_pulses_per_block.c */ = {isa = PBXFileReference; fileEncoding = 4; lastKnownFileType = sourcecode.c.c; path = tables_pulses_per_block.c; sourceTree = "<group>"; };
		F1ABF2901DF9710C00E09FB8 /* tuning_parameters.h */ = {isa = PBXFileReference; fileEncoding = 4; lastKnownFileType = sourcecode.c.h; path = tuning_parameters.h; sourceTree = "<group>"; };
		F1ABF2911DF9710C00E09FB8 /* typedef.h */ = {isa = PBXFileReference; fileEncoding = 4; lastKnownFileType = sourcecode.c.h; path = typedef.h; sourceTree = "<group>"; };
		F1ABF2921DF9710C00E09FB8 /* VAD.c */ = {isa = PBXFileReference; fileEncoding = 4; lastKnownFileType = sourcecode.c.c; path = VAD.c; sourceTree = "<group>"; };
		F1ABF2931DF9710C00E09FB8 /* VQ_WMat_EC.c */ = {isa = PBXFileReference; fileEncoding = 4; lastKnownFileType = sourcecode.c.c; path = VQ_WMat_EC.c; sourceTree = "<group>"; };
/* End PBXFileReference section */

/* Begin PBXFrameworksBuildPhase section */
		F151BBF21DF9483A00D5E00F /* Frameworks */ = {
			isa = PBXFrameworksBuildPhase;
			buildActionMask = 2147483647;
			files = (
			);
			runOnlyForDeploymentPostprocessing = 0;
		};
/* End PBXFrameworksBuildPhase section */

/* Begin PBXGroup section */
		F151BBEC1DF9483A00D5E00F = {
			isa = PBXGroup;
			children = (
				F151BBF71DF9483A00D5E00F /* libOpus */,
				F151BBF61DF9483A00D5E00F /* Products */,
				F151C0491DF94F2E00D5E00F /* Frameworks */,
			);
			sourceTree = "<group>";
		};
		F151BBF61DF9483A00D5E00F /* Products */ = {
			isa = PBXGroup;
			children = (
				F151BBF51DF9483A00D5E00F /* liblibOpus.a */,
			);
			name = Products;
			sourceTree = "<group>";
		};
		F151BBF71DF9483A00D5E00F /* libOpus */ = {
			isa = PBXGroup;
			children = (
				F1ABF1DE1DF9710B00E09FB8 /* silk */,
				F1ABF1571DF970E400E09FB8 /* celt */,
				F1ABF0FC1DF96FFD00E09FB8 /* src */,
				F151BBF81DF9483A00D5E00F /* libOpus.h */,
				F151BBF91DF9483A00D5E00F /* libOpus.m */,
			);
			path = libOpus;
			sourceTree = "<group>";
		};
		F151C0491DF94F2E00D5E00F /* Frameworks */ = {
			isa = PBXGroup;
			children = (
			);
			name = Frameworks;
			sourceTree = "<group>";
		};
		F1ABF0FC1DF96FFD00E09FB8 /* src */ = {
			isa = PBXGroup;
			children = (
				F1ABF1391DF970D100E09FB8 /* analysis.c */,
				F1ABF13A1DF970D100E09FB8 /* analysis.h */,
				F1ABF13B1DF970D100E09FB8 /* mlp_data.c */,
				F1ABF13C1DF970D100E09FB8 /* mlp.c */,
				F1ABF13D1DF970D100E09FB8 /* mlp.h */,
				F1ABF13E1DF970D100E09FB8 /* opus_compare.c */,
				F1ABF13F1DF970D100E09FB8 /* opus_decoder.c */,
				F1ABF1401DF970D100E09FB8 /* opus_demo.c */,
				F1ABF1411DF970D100E09FB8 /* opus_encoder.c */,
				F1ABF1421DF970D100E09FB8 /* opus_multistream_decoder.c */,
				F1ABF1431DF970D100E09FB8 /* opus_multistream_encoder.c */,
				F1ABF1441DF970D100E09FB8 /* opus_multistream.c */,
				F1ABF1451DF970D100E09FB8 /* opus_private.h */,
				F1ABF1461DF970D100E09FB8 /* opus.c */,
				F1ABF1471DF970D100E09FB8 /* repacketizer_demo.c */,
				F1ABF1481DF970D100E09FB8 /* repacketizer.c */,
				F1ABF1491DF970D100E09FB8 /* tansig_table.h */,
			);
			name = src;
			path = libopus/src;
			sourceTree = "<group>";
		};
		F1ABF1571DF970E400E09FB8 /* celt */ = {
			isa = PBXGroup;
			children = (
				F1ABF1581DF970E400E09FB8 /* _kiss_fft_guts.h */,
				F1ABF1591DF970E400E09FB8 /* arch.h */,
				F1ABF16D1DF970E400E09FB8 /* bands.c */,
				F1ABF16E1DF970E400E09FB8 /* bands.h */,
				F1ABF16F1DF970E400E09FB8 /* celt.c */,
				F1ABF1701DF970E400E09FB8 /* celt.h */,
				F1ABF1711DF970E400E09FB8 /* celt_decoder.c */,
				F1ABF1721DF970E400E09FB8 /* celt_encoder.c */,
				F1ABF1731DF970E400E09FB8 /* celt_lpc.c */,
				F1ABF1741DF970E400E09FB8 /* celt_lpc.h */,
				F1ABF1751DF970E400E09FB8 /* cpu_support.h */,
				F1ABF1761DF970E400E09FB8 /* cwrs.c */,
				F1ABF1771DF970E400E09FB8 /* cwrs.h */,
				F1ABF1781DF970E400E09FB8 /* ecintrin.h */,
				F1ABF1791DF970E400E09FB8 /* entcode.c */,
				F1ABF17A1DF970E400E09FB8 /* entcode.h */,
				F1ABF17B1DF970E400E09FB8 /* entdec.c */,
				F1ABF17C1DF970E400E09FB8 /* entdec.h */,
				F1ABF17D1DF970E400E09FB8 /* entenc.c */,
				F1ABF17E1DF970E400E09FB8 /* entenc.h */,
				F1ABF17F1DF970E400E09FB8 /* fixed_debug.h */,
				F1ABF1801DF970E400E09FB8 /* fixed_generic.h */,
				F1ABF1811DF970E400E09FB8 /* float_cast.h */,
				F1ABF1821DF970E400E09FB8 /* kiss_fft.c */,
				F1ABF1831DF970E400E09FB8 /* kiss_fft.h */,
				F1ABF1841DF970E400E09FB8 /* laplace.c */,
				F1ABF1851DF970E400E09FB8 /* laplace.h */,
				F1ABF1861DF970E400E09FB8 /* mathops.c */,
				F1ABF1871DF970E400E09FB8 /* mathops.h */,
				F1ABF1881DF970E400E09FB8 /* mdct.c */,
				F1ABF1891DF970E400E09FB8 /* mdct.h */,
				F1ABF18A1DF970E400E09FB8 /* mfrngcod.h */,
				F1ABF1921DF970E400E09FB8 /* modes.c */,
				F1ABF1931DF970E400E09FB8 /* modes.h */,
				F1ABF1941DF970E400E09FB8 /* opus_custom_demo.c */,
				F1ABF1951DF970E400E09FB8 /* os_support.h */,
				F1ABF1961DF970E400E09FB8 /* pitch.c */,
				F1ABF1971DF970E400E09FB8 /* pitch.h */,
				F1ABF1981DF970E400E09FB8 /* quant_bands.c */,
				F1ABF1991DF970E400E09FB8 /* quant_bands.h */,
				F1ABF19A1DF970E400E09FB8 /* rate.c */,
				F1ABF19B1DF970E400E09FB8 /* rate.h */,
				F1ABF19C1DF970E400E09FB8 /* stack_alloc.h */,
				F1ABF19D1DF970E400E09FB8 /* static_modes_fixed.h */,
				F1ABF19E1DF970E400E09FB8 /* static_modes_fixed_arm_ne10.h */,
				F1ABF19F1DF970E400E09FB8 /* static_modes_float.h */,
				F1ABF1A01DF970E400E09FB8 /* static_modes_float_arm_ne10.h */,
				F1ABF1AA1DF970E400E09FB8 /* vq.c */,
				F1ABF1AB1DF970E400E09FB8 /* vq.h */,
			);
			name = celt;
			path = libopus/celt;
			sourceTree = "<group>";
		};
		F1ABF1DE1DF9710B00E09FB8 /* silk */ = {
			isa = PBXGroup;
			children = (
				F1ABF1DF1DF9710B00E09FB8 /* A2NLSF.c */,
				F1ABF1E01DF9710B00E09FB8 /* ana_filt_bank_1.c */,
				F1ABF1E11DF9710B00E09FB8 /* API.h */,
				F1ABF1EB1DF9710C00E09FB8 /* biquad_alt.c */,
				F1ABF1EC1DF9710C00E09FB8 /* bwexpander.c */,
				F1ABF1ED1DF9710C00E09FB8 /* bwexpander_32.c */,
				F1ABF1EE1DF9710C00E09FB8 /* check_control_input.c */,
				F1ABF1EF1DF9710C00E09FB8 /* CNG.c */,
				F1ABF1F01DF9710C00E09FB8 /* code_signs.c */,
				F1ABF1F11DF9710C00E09FB8 /* control.h */,
				F1ABF1F21DF9710C00E09FB8 /* control_audio_bandwidth.c */,
				F1ABF1F31DF9710C00E09FB8 /* control_codec.c */,
				F1ABF1F41DF9710C00E09FB8 /* control_SNR.c */,
				F1ABF1F51DF9710C00E09FB8 /* debug.c */,
				F1ABF1F61DF9710C00E09FB8 /* debug.h */,
				F1ABF1F71DF9710C00E09FB8 /* dec_API.c */,
				F1ABF1F81DF9710C00E09FB8 /* decode_core.c */,
				F1ABF1F91DF9710C00E09FB8 /* decode_frame.c */,
				F1ABF1FA1DF9710C00E09FB8 /* decode_indices.c */,
				F1ABF1FB1DF9710C00E09FB8 /* decode_parameters.c */,
				F1ABF1FC1DF9710C00E09FB8 /* decode_pitch.c */,
				F1ABF1FD1DF9710C00E09FB8 /* decode_pulses.c */,
				F1ABF1FE1DF9710C00E09FB8 /* decoder_set_fs.c */,
				F1ABF1FF1DF9710C00E09FB8 /* define.h */,
				F1ABF2001DF9710C00E09FB8 /* enc_API.c */,
				F1ABF2011DF9710C00E09FB8 /* encode_indices.c */,
				F1ABF2021DF9710C00E09FB8 /* encode_pulses.c */,
				F1ABF2031DF9710C00E09FB8 /* errors.h */,
				F1ABF2041DF9710C00E09FB8 /* fixed */,
				F1ABF24B1DF9710C00E09FB8 /* gain_quant.c */,
				F1ABF24C1DF9710C00E09FB8 /* HP_variable_cutoff.c */,
				F1ABF24D1DF9710C00E09FB8 /* init_decoder.c */,
				F1ABF24E1DF9710C00E09FB8 /* init_encoder.c */,
				F1ABF24F1DF9710C00E09FB8 /* Inlines.h */,
				F1ABF2501DF9710C00E09FB8 /* inner_prod_aligned.c */,
				F1ABF2511DF9710C00E09FB8 /* interpolate.c */,
				F1ABF2521DF9710C00E09FB8 /* lin2log.c */,
				F1ABF2531DF9710C00E09FB8 /* log2lin.c */,
				F1ABF2541DF9710C00E09FB8 /* LP_variable_cutoff.c */,
				F1ABF2551DF9710C00E09FB8 /* LPC_analysis_filter.c */,
				F1ABF2561DF9710C00E09FB8 /* LPC_inv_pred_gain.c */,
				F1ABF2571DF9710C00E09FB8 /* MacroCount.h */,
				F1ABF2581DF9710C00E09FB8 /* MacroDebug.h */,
				F1ABF2591DF9710C00E09FB8 /* macros.h */,
				F1ABF25A1DF9710C00E09FB8 /* main.h */,
				F1ABF25F1DF9710C00E09FB8 /* NLSF2A.c */,
				F1ABF2601DF9710C00E09FB8 /* NLSF_decode.c */,
				F1ABF2611DF9710C00E09FB8 /* NLSF_del_dec_quant.c */,
				F1ABF2621DF9710C00E09FB8 /* NLSF_encode.c */,
				F1ABF2631DF9710C00E09FB8 /* NLSF_stabilize.c */,
				F1ABF2641DF9710C00E09FB8 /* NLSF_unpack.c */,
				F1ABF2651DF9710C00E09FB8 /* NLSF_VQ.c */,
				F1ABF2661DF9710C00E09FB8 /* NLSF_VQ_weights_laroia.c */,
				F1ABF2671DF9710C00E09FB8 /* NSQ.c */,
				F1ABF2681DF9710C00E09FB8 /* NSQ.h */,
				F1ABF2691DF9710C00E09FB8 /* NSQ_del_dec.c */,
				F1ABF26A1DF9710C00E09FB8 /* pitch_est_defines.h */,
				F1ABF26B1DF9710C00E09FB8 /* pitch_est_tables.c */,
				F1ABF26C1DF9710C00E09FB8 /* PLC.c */,
				F1ABF26D1DF9710C00E09FB8 /* PLC.h */,
				F1ABF26E1DF9710C00E09FB8 /* process_NLSFs.c */,
				F1ABF26F1DF9710C00E09FB8 /* quant_LTP_gains.c */,
				F1ABF2701DF9710C00E09FB8 /* resampler.c */,
				F1ABF2711DF9710C00E09FB8 /* resampler_down2.c */,
				F1ABF2721DF9710C00E09FB8 /* resampler_down2_3.c */,
				F1ABF2731DF9710C00E09FB8 /* resampler_private.h */,
				F1ABF2741DF9710C00E09FB8 /* resampler_private_AR2.c */,
				F1ABF2751DF9710C00E09FB8 /* resampler_private_down_FIR.c */,
				F1ABF2761DF9710C00E09FB8 /* resampler_private_IIR_FIR.c */,
				F1ABF2771DF9710C00E09FB8 /* resampler_private_up2_HQ.c */,
				F1ABF2781DF9710C00E09FB8 /* resampler_rom.c */,
				F1ABF2791DF9710C00E09FB8 /* resampler_rom.h */,
				F1ABF27A1DF9710C00E09FB8 /* resampler_structs.h */,
				F1ABF27B1DF9710C00E09FB8 /* shell_coder.c */,
				F1ABF27C1DF9710C00E09FB8 /* sigm_Q15.c */,
				F1ABF27D1DF9710C00E09FB8 /* SigProc_FIX.h */,
				F1ABF27E1DF9710C00E09FB8 /* sort.c */,
				F1ABF27F1DF9710C00E09FB8 /* stereo_decode_pred.c */,
				F1ABF2801DF9710C00E09FB8 /* stereo_encode_pred.c */,
				F1ABF2811DF9710C00E09FB8 /* stereo_find_predictor.c */,
				F1ABF2821DF9710C00E09FB8 /* stereo_LR_to_MS.c */,
				F1ABF2831DF9710C00E09FB8 /* stereo_MS_to_LR.c */,
				F1ABF2841DF9710C00E09FB8 /* stereo_quant_pred.c */,
				F1ABF2851DF9710C00E09FB8 /* structs.h */,
				F1ABF2861DF9710C00E09FB8 /* sum_sqr_shift.c */,
				F1ABF2871DF9710C00E09FB8 /* table_LSF_cos.c */,
				F1ABF2881DF9710C00E09FB8 /* tables.h */,
				F1ABF2891DF9710C00E09FB8 /* tables_gain.c */,
				F1ABF28A1DF9710C00E09FB8 /* tables_LTP.c */,
				F1ABF28B1DF9710C00E09FB8 /* tables_NLSF_CB_NB_MB.c */,
				F1ABF28C1DF9710C00E09FB8 /* tables_NLSF_CB_WB.c */,
				F1ABF28D1DF9710C00E09FB8 /* tables_other.c */,
				F1ABF28E1DF9710C00E09FB8 /* tables_pitch_lag.c */,
				F1ABF28F1DF9710C00E09FB8 /* tables_pulses_per_block.c */,
				F1ABF2901DF9710C00E09FB8 /* tuning_parameters.h */,
				F1ABF2911DF9710C00E09FB8 /* typedef.h */,
				F1ABF2921DF9710C00E09FB8 /* VAD.c */,
				F1ABF2931DF9710C00E09FB8 /* VQ_WMat_EC.c */,
			);
			name = silk;
			path = libopus/silk;
			sourceTree = "<group>";
		};
		F1ABF2041DF9710C00E09FB8 /* fixed */ = {
			isa = PBXGroup;
			children = (
				F1ABF2051DF9710C00E09FB8 /* apply_sine_window_FIX.c */,
				F1ABF2061DF9710C00E09FB8 /* autocorr_FIX.c */,
				F1ABF2071DF9710C00E09FB8 /* burg_modified_FIX.c */,
				F1ABF2081DF9710C00E09FB8 /* corrMatrix_FIX.c */,
				F1ABF2091DF9710C00E09FB8 /* encode_frame_FIX.c */,
				F1ABF20A1DF9710C00E09FB8 /* find_LPC_FIX.c */,
				F1ABF20B1DF9710C00E09FB8 /* find_LTP_FIX.c */,
				F1ABF20C1DF9710C00E09FB8 /* find_pitch_lags_FIX.c */,
				F1ABF20D1DF9710C00E09FB8 /* find_pred_coefs_FIX.c */,
				F1ABF20E1DF9710C00E09FB8 /* k2a_FIX.c */,
				F1ABF20F1DF9710C00E09FB8 /* k2a_Q16_FIX.c */,
				F1ABF2101DF9710C00E09FB8 /* LTP_analysis_filter_FIX.c */,
				F1ABF2111DF9710C00E09FB8 /* LTP_scale_ctrl_FIX.c */,
				F1ABF2121DF9710C00E09FB8 /* main_FIX.h */,
				F1ABF2171DF9710C00E09FB8 /* noise_shape_analysis_FIX.c */,
				F1ABF2181DF9710C00E09FB8 /* pitch_analysis_core_FIX.c */,
				F1ABF2191DF9710C00E09FB8 /* prefilter_FIX.c */,
				F1ABF21A1DF9710C00E09FB8 /* process_gains_FIX.c */,
				F1ABF21B1DF9710C00E09FB8 /* regularize_correlations_FIX.c */,
				F1ABF21C1DF9710C00E09FB8 /* residual_energy16_FIX.c */,
				F1ABF21D1DF9710C00E09FB8 /* residual_energy_FIX.c */,
				F1ABF21E1DF9710C00E09FB8 /* schur64_FIX.c */,
				F1ABF21F1DF9710C00E09FB8 /* schur_FIX.c */,
				F1ABF2201DF9710C00E09FB8 /* solve_LS_FIX.c */,
				F1ABF2211DF9710C00E09FB8 /* structs_FIX.h */,
				F1ABF2221DF9710C00E09FB8 /* vector_ops_FIX.c */,
				F1ABF2231DF9710C00E09FB8 /* warped_autocorrelation_FIX.c */,
			);
			path = fixed;
			sourceTree = "<group>";
		};
/* End PBXGroup section */

/* Begin PBXNativeTarget section */
		F151BBF41DF9483A00D5E00F /* libOpus */ = {
			isa = PBXNativeTarget;
			buildConfigurationList = F151BBFE1DF9483A00D5E00F /* Build configuration list for PBXNativeTarget "libOpus" */;
			buildPhases = (
				F151BBF11DF9483A00D5E00F /* Sources */,
				F151BBF21DF9483A00D5E00F /* Frameworks */,
				F151BBF31DF9483A00D5E00F /* CopyFiles */,
			);
			buildRules = (
			);
			dependencies = (
			);
			name = libOpus;
			productName = libOpus;
			productReference = F151BBF51DF9483A00D5E00F /* liblibOpus.a */;
			productType = "com.apple.product-type.library.static";
		};
/* End PBXNativeTarget section */

/* Begin PBXProject section */
		F151BBED1DF9483A00D5E00F /* Project object */ = {
			isa = PBXProject;
			attributes = {
				LastUpgradeCheck = 0810;
				ORGANIZATIONNAME = pxh;
				TargetAttributes = {
					F151BBF41DF9483A00D5E00F = {
						CreatedOnToolsVersion = 8.1;
						ProvisioningStyle = Automatic;
					};
				};
			};
			buildConfigurationList = F151BBF01DF9483A00D5E00F /* Build configuration list for PBXProject "libOpus" */;
			compatibilityVersion = "Xcode 3.2";
			developmentRegion = English;
			hasScannedForEncodings = 0;
			knownRegions = (
				en,
			);
			mainGroup = F151BBEC1DF9483A00D5E00F;
			productRefGroup = F151BBF61DF9483A00D5E00F /* Products */;
			projectDirPath = "";
			projectRoot = "";
			targets = (
				F151BBF41DF9483A00D5E00F /* libOpus */,
			);
		};
/* End PBXProject section */

/* Begin PBXSourcesBuildPhase section */
		F151BBF11DF9483A00D5E00F /* Sources */ = {
			isa = PBXSourcesBuildPhase;
			buildActionMask = 2147483647;
			files = (
				F1ABF2F31DF9710C00E09FB8 /* init_encoder.c in Sources */,
				F1ABF2F41DF9710C00E09FB8 /* inner_prod_aligned.c in Sources */,
				F1ABF2BF1DF9710C00E09FB8 /* k2a_Q16_FIX.c in Sources */,
				F1ABF3011DF9710C00E09FB8 /* NLSF_VQ.c in Sources */,
				F1ABF2A31DF9710C00E09FB8 /* check_control_input.c in Sources */,
				F1ABF1CE1DF970E400E09FB8 /* rate.c in Sources */,
				F1ABF31B1DF9710C00E09FB8 /* table_LSF_cos.c in Sources */,
				F151BBFA1DF9483A00D5E00F /* libOpus.m in Sources */,
				F1ABF2AE1DF9710C00E09FB8 /* decode_parameters.c in Sources */,
				F1ABF2C91DF9710C00E09FB8 /* schur64_FIX.c in Sources */,
				F1ABF2BB1DF9710C00E09FB8 /* find_LTP_FIX.c in Sources */,
				F1ABF2CA1DF9710C00E09FB8 /* schur_FIX.c in Sources */,
				F1ABF30B1DF9710C00E09FB8 /* resampler_down2_3.c in Sources */,
				F1ABF3231DF9710C00E09FB8 /* VAD.c in Sources */,
				F1ABF2BA1DF9710C00E09FB8 /* find_LPC_FIX.c in Sources */,
				F1ABF2B61DF9710C00E09FB8 /* autocorr_FIX.c in Sources */,
				F1ABF1BD1DF970E400E09FB8 /* bands.c in Sources */,
				F1ABF3051DF9710C00E09FB8 /* pitch_est_tables.c in Sources */,
				F1ABF3021DF9710C00E09FB8 /* NLSF_VQ_weights_laroia.c in Sources */,
				F1ABF2F11DF9710C00E09FB8 /* HP_variable_cutoff.c in Sources */,
				F1ABF3221DF9710C00E09FB8 /* tables_pulses_per_block.c in Sources */,
				F1ABF2C41DF9710C00E09FB8 /* prefilter_FIX.c in Sources */,
				F1ABF3121DF9710C00E09FB8 /* sigm_Q15.c in Sources */,
				F1ABF2C81DF9710C00E09FB8 /* residual_energy_FIX.c in Sources */,
				F1ABF2A61DF9710C00E09FB8 /* control_audio_bandwidth.c in Sources */,
				F1ABF3131DF9710C00E09FB8 /* sort.c in Sources */,
				F1ABF3211DF9710C00E09FB8 /* tables_pitch_lag.c in Sources */,
				F1ABF2A91DF9710C00E09FB8 /* debug.c in Sources */,
				F1ABF14F1DF970D100E09FB8 /* opus_demo.c in Sources */,
				F1ABF2A21DF9710C00E09FB8 /* bwexpander_32.c in Sources */,
				F1ABF3111DF9710C00E09FB8 /* shell_coder.c in Sources */,
				F1ABF1541DF970D100E09FB8 /* opus.c in Sources */,
				F1ABF2BC1DF9710C00E09FB8 /* find_pitch_lags_FIX.c in Sources */,
				F1ABF14D1DF970D100E09FB8 /* opus_compare.c in Sources */,
				F1ABF2CB1DF9710C00E09FB8 /* solve_LS_FIX.c in Sources */,
				F1ABF2AD1DF9710C00E09FB8 /* decode_indices.c in Sources */,
				F1ABF3201DF9710C00E09FB8 /* tables_other.c in Sources */,
				F1ABF14B1DF970D100E09FB8 /* mlp_data.c in Sources */,
				F1ABF3001DF9710C00E09FB8 /* NLSF_unpack.c in Sources */,
				F1ABF1C81DF970E400E09FB8 /* mathops.c in Sources */,
				F1ABF1D71DF970E400E09FB8 /* vq.c in Sources */,
				F1ABF1C11DF970E400E09FB8 /* celt_lpc.c in Sources */,
				F1ABF1511DF970D100E09FB8 /* opus_multistream_decoder.c in Sources */,
				F1ABF2AB1DF9710C00E09FB8 /* decode_core.c in Sources */,
				F1ABF1C01DF970E400E09FB8 /* celt_encoder.c in Sources */,
				F1ABF2A01DF9710C00E09FB8 /* biquad_alt.c in Sources */,
				F1ABF2BD1DF9710C00E09FB8 /* find_pred_coefs_FIX.c in Sources */,
				F1ABF1C71DF970E400E09FB8 /* laplace.c in Sources */,
				F1ABF2F51DF9710C00E09FB8 /* interpolate.c in Sources */,
				F1ABF2FA1DF9710C00E09FB8 /* LPC_inv_pred_gain.c in Sources */,
				F1ABF2C11DF9710C00E09FB8 /* LTP_scale_ctrl_FIX.c in Sources */,
				F1ABF3161DF9710C00E09FB8 /* stereo_find_predictor.c in Sources */,
				F1ABF3061DF9710C00E09FB8 /* PLC.c in Sources */,
				F1ABF2B91DF9710C00E09FB8 /* encode_frame_FIX.c in Sources */,
				F1ABF1C21DF970E400E09FB8 /* cwrs.c in Sources */,
				F1ABF2B01DF9710C00E09FB8 /* decode_pulses.c in Sources */,
				F1ABF2C51DF9710C00E09FB8 /* process_gains_FIX.c in Sources */,
				F1ABF31A1DF9710C00E09FB8 /* sum_sqr_shift.c in Sources */,
				F1ABF2F01DF9710C00E09FB8 /* gain_quant.c in Sources */,
				F1ABF14A1DF970D100E09FB8 /* analysis.c in Sources */,
				F1ABF2B81DF9710C00E09FB8 /* corrMatrix_FIX.c in Sources */,
				F1ABF31C1DF9710C00E09FB8 /* tables_gain.c in Sources */,
				F1ABF3081DF9710C00E09FB8 /* quant_LTP_gains.c in Sources */,
				F1ABF2F71DF9710C00E09FB8 /* log2lin.c in Sources */,
				F1ABF2AF1DF9710C00E09FB8 /* decode_pitch.c in Sources */,
				F1ABF2F21DF9710C00E09FB8 /* init_decoder.c in Sources */,
				F1ABF2FE1DF9710C00E09FB8 /* NLSF_encode.c in Sources */,
				F1ABF1C31DF970E400E09FB8 /* entcode.c in Sources */,
				F1ABF2BE1DF9710C00E09FB8 /* k2a_FIX.c in Sources */,
				F1ABF3241DF9710C00E09FB8 /* VQ_WMat_EC.c in Sources */,
				F1ABF30D1DF9710C00E09FB8 /* resampler_private_down_FIR.c in Sources */,
				F1ABF3191DF9710C00E09FB8 /* stereo_quant_pred.c in Sources */,
				F1ABF3091DF9710C00E09FB8 /* resampler.c in Sources */,
				F1ABF1501DF970D100E09FB8 /* opus_encoder.c in Sources */,
				F1ABF1561DF970D100E09FB8 /* repacketizer.c in Sources */,
				F1ABF2CC1DF9710C00E09FB8 /* vector_ops_FIX.c in Sources */,
				F1ABF3171DF9710C00E09FB8 /* stereo_LR_to_MS.c in Sources */,
				F1ABF1C91DF970E400E09FB8 /* mdct.c in Sources */,
				F1ABF2C61DF9710C00E09FB8 /* regularize_correlations_FIX.c in Sources */,
				F1ABF3141DF9710C00E09FB8 /* stereo_decode_pred.c in Sources */,
				F1ABF2F81DF9710C00E09FB8 /* LP_variable_cutoff.c in Sources */,
				F1ABF2CD1DF9710C00E09FB8 /* warped_autocorrelation_FIX.c in Sources */,
				F1ABF14C1DF970D100E09FB8 /* mlp.c in Sources */,
				F1ABF31E1DF9710C00E09FB8 /* tables_NLSF_CB_NB_MB.c in Sources */,
				F1ABF31F1DF9710C00E09FB8 /* tables_NLSF_CB_WB.c in Sources */,
				F1ABF2A81DF9710C00E09FB8 /* control_SNR.c in Sources */,
				F1ABF1551DF970D100E09FB8 /* repacketizer_demo.c in Sources */,
				F1ABF2FD1DF9710C00E09FB8 /* NLSF_del_dec_quant.c in Sources */,
				F1ABF29C1DF9710C00E09FB8 /* A2NLSF.c in Sources */,
				F1ABF1C51DF970E400E09FB8 /* entenc.c in Sources */,
				F1ABF2B71DF9710C00E09FB8 /* burg_modified_FIX.c in Sources */,
				F1ABF31D1DF9710C00E09FB8 /* tables_LTP.c in Sources */,
				F1ABF1C61DF970E400E09FB8 /* kiss_fft.c in Sources */,
				F1ABF2FC1DF9710C00E09FB8 /* NLSF_decode.c in Sources */,
				F1ABF3101DF9710C00E09FB8 /* resampler_rom.c in Sources */,
				F1ABF30E1DF9710C00E09FB8 /* resampler_private_IIR_FIR.c in Sources */,
				F1ABF3181DF9710C00E09FB8 /* stereo_MS_to_LR.c in Sources */,
				F1ABF2F91DF9710C00E09FB8 /* LPC_analysis_filter.c in Sources */,
				F1ABF2AA1DF9710C00E09FB8 /* dec_API.c in Sources */,
				F1ABF1CC1DF970E400E09FB8 /* pitch.c in Sources */,
				F1ABF1CB1DF970E400E09FB8 /* opus_custom_demo.c in Sources */,
				F1ABF2A71DF9710C00E09FB8 /* control_codec.c in Sources */,
				F1ABF2C01DF9710C00E09FB8 /* LTP_analysis_filter_FIX.c in Sources */,
				F1ABF3031DF9710C00E09FB8 /* NSQ.c in Sources */,
				F1ABF2A51DF9710C00E09FB8 /* code_signs.c in Sources */,
				F1ABF2C71DF9710C00E09FB8 /* residual_energy16_FIX.c in Sources */,
				F1ABF30F1DF9710C00E09FB8 /* resampler_private_up2_HQ.c in Sources */,
				F1ABF2FB1DF9710C00E09FB8 /* NLSF2A.c in Sources */,
				F1ABF2B51DF9710C00E09FB8 /* apply_sine_window_FIX.c in Sources */,
				F1ABF1CA1DF970E400E09FB8 /* modes.c in Sources */,
				F1ABF2B41DF9710C00E09FB8 /* encode_pulses.c in Sources */,
				F1ABF3151DF9710C00E09FB8 /* stereo_encode_pred.c in Sources */,
				F1ABF14E1DF970D100E09FB8 /* opus_decoder.c in Sources */,
				F1ABF2C21DF9710C00E09FB8 /* noise_shape_analysis_FIX.c in Sources */,
				F1ABF3041DF9710C00E09FB8 /* NSQ_del_dec.c in Sources */,
				F1ABF1C41DF970E400E09FB8 /* entdec.c in Sources */,
				F1ABF1BF1DF970E400E09FB8 /* celt_decoder.c in Sources */,
				F1ABF2FF1DF9710C00E09FB8 /* NLSF_stabilize.c in Sources */,
				F1ABF1BE1DF970E400E09FB8 /* celt.c in Sources */,
				F1ABF2A41DF9710C00E09FB8 /* CNG.c in Sources */,
				F1ABF29D1DF9710C00E09FB8 /* ana_filt_bank_1.c in Sources */,
				F1ABF2B21DF9710C00E09FB8 /* enc_API.c in Sources */,
				F1ABF1521DF970D100E09FB8 /* opus_multistream_encoder.c in Sources */,
				F1ABF2B11DF9710C00E09FB8 /* decoder_set_fs.c in Sources */,
				F1ABF2F61DF9710C00E09FB8 /* lin2log.c in Sources */,
				F1ABF2C31DF9710C00E09FB8 /* pitch_analysis_core_FIX.c in Sources */,
				F1ABF30A1DF9710C00E09FB8 /* resampler_down2.c in Sources */,
				F1ABF1CD1DF970E400E09FB8 /* quant_bands.c in Sources */,
				F1ABF30C1DF9710C00E09FB8 /* resampler_private_AR2.c in Sources */,
				F1ABF2AC1DF9710C00E09FB8 /* decode_frame.c in Sources */,
				F1ABF2A11DF9710C00E09FB8 /* bwexpander.c in Sources */,
				F1ABF2B31DF9710C00E09FB8 /* encode_indices.c in Sources */,
				F1ABF1531DF970D100E09FB8 /* opus_multistream.c in Sources */,
				F1ABF3071DF9710C00E09FB8 /* process_NLSFs.c in Sources */,
			);
			runOnlyForDeploymentPostprocessing = 0;
		};
/* End PBXSourcesBuildPhase section */

/* Begin XCBuildConfiguration section */
		F151BBFC1DF9483A00D5E00F /* Debug */ = {
			isa = XCBuildConfiguration;
			buildSettings = {
				ALWAYS_SEARCH_USER_PATHS = NO;
				CLANG_ANALYZER_NONNULL = YES;
				CLANG_CXX_LANGUAGE_STANDARD = "gnu++0x";
				CLANG_CXX_LIBRARY = "libc++";
				CLANG_ENABLE_MODULES = YES;
				CLANG_ENABLE_OBJC_ARC = YES;
				CLANG_WARN_BOOL_CONVERSION = YES;
				CLANG_WARN_CONSTANT_CONVERSION = YES;
				CLANG_WARN_DIRECT_OBJC_ISA_USAGE = YES_ERROR;
				CLANG_WARN_DOCUMENTATION_COMMENTS = YES;
				CLANG_WARN_EMPTY_BODY = YES;
				CLANG_WARN_ENUM_CONVERSION = YES;
				CLANG_WARN_INFINITE_RECURSION = YES;
				CLANG_WARN_INT_CONVERSION = YES;
				CLANG_WARN_OBJC_ROOT_CLASS = YES_ERROR;
				CLANG_WARN_SUSPICIOUS_MOVES = YES;
				CLANG_WARN_UNREACHABLE_CODE = YES;
				CLANG_WARN__DUPLICATE_METHOD_MATCH = YES;
				"CODE_SIGN_IDENTITY[sdk=iphoneos*]" = "iPhone Developer";
				COPY_PHASE_STRIP = NO;
				DEBUG_INFORMATION_FORMAT = dwarf;
				ENABLE_STRICT_OBJC_MSGSEND = YES;
				ENABLE_TESTABILITY = YES;
				GCC_C_LANGUAGE_STANDARD = gnu99;
				GCC_DYNAMIC_NO_PIC = NO;
				GCC_NO_COMMON_BLOCKS = YES;
				GCC_OPTIMIZATION_LEVEL = 0;
				GCC_PREPROCESSOR_DEFINITIONS = (
					"DEBUG=1",
					"$(inherited)",
				);
				GCC_WARN_64_TO_32_BIT_CONVERSION = YES;
				GCC_WARN_ABOUT_RETURN_TYPE = YES_ERROR;
				GCC_WARN_UNDECLARED_SELECTOR = YES;
				GCC_WARN_UNINITIALIZED_AUTOS = YES_AGGRESSIVE;
				GCC_WARN_UNUSED_FUNCTION = YES;
				GCC_WARN_UNUSED_VARIABLE = YES;
				IPHONEOS_DEPLOYMENT_TARGET = 10.1;
				MTL_ENABLE_DEBUG_INFO = YES;
				ONLY_ACTIVE_ARCH = YES;
				SDKROOT = iphoneos;
			};
			name = Debug;
		};
		F151BBFD1DF9483A00D5E00F /* Release */ = {
			isa = XCBuildConfiguration;
			buildSettings = {
				ALWAYS_SEARCH_USER_PATHS = NO;
				CLANG_ANALYZER_NONNULL = YES;
				CLANG_CXX_LANGUAGE_STANDARD = "gnu++0x";
				CLANG_CXX_LIBRARY = "libc++";
				CLANG_ENABLE_MODULES = YES;
				CLANG_ENABLE_OBJC_ARC = YES;
				CLANG_WARN_BOOL_CONVERSION = YES;
				CLANG_WARN_CONSTANT_CONVERSION = YES;
				CLANG_WARN_DIRECT_OBJC_ISA_USAGE = YES_ERROR;
				CLANG_WARN_DOCUMENTATION_COMMENTS = YES;
				CLANG_WARN_EMPTY_BODY = YES;
				CLANG_WARN_ENUM_CONVERSION = YES;
				CLANG_WARN_INFINITE_RECURSION = YES;
				CLANG_WARN_INT_CONVERSION = YES;
				CLANG_WARN_OBJC_ROOT_CLASS = YES_ERROR;
				CLANG_WARN_SUSPICIOUS_MOVES = YES;
				CLANG_WARN_UNREACHABLE_CODE = YES;
				CLANG_WARN__DUPLICATE_METHOD_MATCH = YES;
				"CODE_SIGN_IDENTITY[sdk=iphoneos*]" = "iPhone Developer";
				COPY_PHASE_STRIP = NO;
				DEBUG_INFORMATION_FORMAT = "dwarf-with-dsym";
				ENABLE_NS_ASSERTIONS = NO;
				ENABLE_STRICT_OBJC_MSGSEND = YES;
				GCC_C_LANGUAGE_STANDARD = gnu99;
				GCC_NO_COMMON_BLOCKS = YES;
				GCC_WARN_64_TO_32_BIT_CONVERSION = YES;
				GCC_WARN_ABOUT_RETURN_TYPE = YES_ERROR;
				GCC_WARN_UNDECLARED_SELECTOR = YES;
				GCC_WARN_UNINITIALIZED_AUTOS = YES_AGGRESSIVE;
				GCC_WARN_UNUSED_FUNCTION = YES;
				GCC_WARN_UNUSED_VARIABLE = YES;
				IPHONEOS_DEPLOYMENT_TARGET = 10.1;
				MTL_ENABLE_DEBUG_INFO = NO;
				SDKROOT = iphoneos;
				VALIDATE_PRODUCT = YES;
			};
			name = Release;
		};
		F151BBFF1DF9483A00D5E00F /* Debug */ = {
			isa = XCBuildConfiguration;
			buildSettings = {
				CLANG_CXX_LANGUAGE_STANDARD = "gnu++0x";
				GCC_PREPROCESSOR_DEFINITIONS = (
					"$(inherited)",
					"DEBUG=1",
					FIXED_POINT,
					USE_KISS_FFT,
					"EXPORT=\"\"",
					COMMON_VAD,
					iOS,
					LINUX,
					_ENCODE_ONLY_,
					USE_ALLOCA,
					HAVE_CONFIG_H,
					THREAD_TEST,
				);
				OTHER_LDFLAGS = "-ObjC";
				PRODUCT_NAME = "$(TARGET_NAME)";
				SKIP_INSTALL = YES;
				USER_HEADER_SEARCH_PATHS = "libOpus/libOpus libOpus/libOpus/celt libOpus/libOpus/include libOpus/libOpus/silk libOpus/libOpus/src";
			};
			name = Debug;
		};
		F151BC001DF9483A00D5E00F /* Release */ = {
			isa = XCBuildConfiguration;
			buildSettings = {
				CLANG_CXX_LANGUAGE_STANDARD = "gnu++0x";
				GCC_PREPROCESSOR_DEFINITIONS = (
					"$(inherited)",
					FIXED_POINT,
					USE_KISS_FFT,
					"EXPORT=\"\"",
					COMMON_VAD,
					LINUX,
					iOS,
					_ENCODE_ONLY_,
					USE_ALLOCA,
					HAVE_CONFIG_H,
				);
				OTHER_LDFLAGS = "-ObjC";
				PRODUCT_NAME = "$(TARGET_NAME)";
				SKIP_INSTALL = YES;
				USER_HEADER_SEARCH_PATHS = "libOpus/libOpus libOpus/libOpus/celt libOpus/libOpus/include libOpus/libOpus/silk libOpus/libOpus/src";
			};
			name = Release;
		};
/* End XCBuildConfiguration section */

/* Begin XCConfigurationList section */
		F151BBF01DF9483A00D5E00F /* Build configuration list for PBXProject "libOpus" */ = {
			isa = XCConfigurationList;
			buildConfigurations = (
				F151BBFC1DF9483A00D5E00F /* Debug */,
				F151BBFD1DF9483A00D5E00F /* Release */,
			);
			defaultConfigurationIsVisible = 0;
			defaultConfigurationName = Release;
		};
		F151BBFE1DF9483A00D5E00F /* Build configuration list for PBXNativeTarget "libOpus" */ = {
			isa = XCConfigurationList;
			buildConfigurations = (
				F151BBFF1DF9483A00D5E00F /* Debug */,
				F151BC001DF9483A00D5E00F /* Release */,
			);
			defaultConfigurationIsVisible = 0;
			defaultConfigurationName = Release;
		};
/* End XCConfigurationList section */
	};
	rootObject = F151BBED1DF9483A00D5E00F /* Project object */;
}
